PODS:
  - Alamofire (4.7.3)
  - FlexLayout (1.3.10)
  - ListKit (2.0.0)
  - PinLayout (1.7.10)
  - ReSwift (4.0.1)
  - ReSwiftRouter (0.6.0):
    - ReSwift (~> 4.0.0)
  - RxSwift (4.2.0)

DEPENDENCIES:
  - Alamofire
  - FlexLayout
  - ListKit
  - PinLayout
  - ReSwift
  - ReSwiftRouter
  - RxSwift

SPEC REPOS:
  https://github.com/cocoapods/specs.git:
    - Alamofire
    - FlexLayout
    - ListKit
    - PinLayout
    - ReSwift
    - ReSwiftRouter
    - RxSwift

SPEC CHECKSUMS:
  Alamofire: c7287b6e5d7da964a70935e5db17046b7fde6568
  FlexLayout: f250e6ba1ab1101c3d6729b2d9c0e089bb1d52c9
  ListKit: 3cc52b46436812398207846bd08e91feaea85042
  PinLayout: e8e74faf770501bd6c29cad14db52acd8b2994e6
  ReSwift: f4012c613e13da7398827fe5aebdb938eaed40a3
  ReSwiftRouter: 81f41b37a5dd1c88e1d3d10a660ff2dcc939ba7c
  RxSwift: 99e10317ddfcc7fbe01356aafd118fde4a0be104

PODFILE CHECKSUM: 45f7de6afb6203a1b5b7eb819fb4053094781c20

COCOAPODS: 1.5.3
