// !$*UTF8*$!
{
	archiveVersion = 1;
	classes = {
	};
	objectVersion = 50;
	objects = {

/* Begin PBXBuildFile section */
		44044EB36B5DC2799039BC4A /* Pods_CoreTests.framework in Frameworks */ = {isa = PBXBuildFile; fileRef = 078F5FDD9F6246613BA11D7F /* Pods_CoreTests.framework */; };
		63E25E08C5C2BE46F9266CA3 /* Pods_Core.framework in Frameworks */ = {isa = PBXBuildFile; fileRef = F8EDC45D77DBFA546152843F /* Pods_Core.framework */; };
		C3E7C5D49225C0E5CDFF6315 /* Pods_Core_CoreTests.framework in Frameworks */ = {isa = PBXBuildFile; fileRef = 750152B533DF1ABBE61E43F0 /* Pods_Core_CoreTests.framework */; };
		D7376226211E6A8300E58C0C /* NetworkService.swift in Sources */ = {isa = PBXBuildFile; fileRef = D7376225211E6A8300E58C0C /* NetworkService.swift */; };
		D7CEA45D211E56CB00E94338 /* Core.framework in Frameworks */ = {isa = PBXBuildFile; fileRef = D7CEA453211E56CB00E94338 /* Core.framework */; };
		D7CEA462211E56CB00E94338 /* CoreTests.swift in Sources */ = {isa = PBXBuildFile; fileRef = D7CEA461211E56CB00E94338 /* CoreTests.swift */; };
		D7CEA464211E56CB00E94338 /* Core.h in Headers */ = {isa = PBXBuildFile; fileRef = D7CEA456211E56CB00E94338 /* Core.h */; settings = {ATTRIBUTES = (Public, ); }; };
		D7CEA475211E571500E94338 /* PageResponse.swift in Sources */ = {isa = PBXBuildFile; fileRef = D7CEA472211E571400E94338 /* PageResponse.swift */; };
		D7CEA476211E571500E94338 /* HoloDexError.swift in Sources */ = {isa = PBXBuildFile; fileRef = D7CEA473211E571400E94338 /* HoloDexError.swift */; };
		D7CEA477211E571500E94338 /* StarWarsAPI.swift in Sources */ = {isa = PBXBuildFile; fileRef = D7CEA474211E571500E94338 /* StarWarsAPI.swift */; };
/* End PBXBuildFile section */

/* Begin PBXContainerItemProxy section */
		D7CEA45E211E56CB00E94338 /* PBXContainerItemProxy */ = {
			isa = PBXContainerItemProxy;
			containerPortal = D7CEA44A211E56CB00E94338 /* Project object */;
			proxyType = 1;
			remoteGlobalIDString = D7CEA452211E56CB00E94338;
			remoteInfo = Core;
		};
/* End PBXContainerItemProxy section */

/* Begin PBXFileReference section */
		078F5FDD9F6246613BA11D7F /* Pods_CoreTests.framework */ = {isa = PBXFileReference; explicitFileType = wrapper.framework; includeInIndex = 0; path = Pods_CoreTests.framework; sourceTree = BUILT_PRODUCTS_DIR; };
		1512C311905DC81709BFCEAD /* Pods-Core.release.xcconfig */ = {isa = PBXFileReference; includeInIndex = 1; lastKnownFileType = text.xcconfig; name = "Pods-Core.release.xcconfig"; path = "../Pods/Target Support Files/Pods-Core/Pods-Core.release.xcconfig"; sourceTree = "<group>"; };
		5125BE6E7CB858EA6B8D8FE9 /* Pods-Core-CoreTests.debug.xcconfig */ = {isa = PBXFileReference; includeInIndex = 1; lastKnownFileType = text.xcconfig; name = "Pods-Core-CoreTests.debug.xcconfig"; path = "../Pods/Target Support Files/Pods-Core-CoreTests/Pods-Core-CoreTests.debug.xcconfig"; sourceTree = "<group>"; };
		6E0D3B8A1BD488D844B4D7BB /* Pods-CoreTests.debug.xcconfig */ = {isa = PBXFileReference; includeInIndex = 1; lastKnownFileType = text.xcconfig; name = "Pods-CoreTests.debug.xcconfig"; path = "../Pods/Target Support Files/Pods-CoreTests/Pods-CoreTests.debug.xcconfig"; sourceTree = "<group>"; };
		750152B533DF1ABBE61E43F0 /* Pods_Core_CoreTests.framework */ = {isa = PBXFileReference; explicitFileType = wrapper.framework; includeInIndex = 0; path = Pods_Core_CoreTests.framework; sourceTree = BUILT_PRODUCTS_DIR; };
		7ABC3B1AE6876EAEA40CD637 /* Pods-Core.debug.xcconfig */ = {isa = PBXFileReference; includeInIndex = 1; lastKnownFileType = text.xcconfig; name = "Pods-Core.debug.xcconfig"; path = "../Pods/Target Support Files/Pods-Core/Pods-Core.debug.xcconfig"; sourceTree = "<group>"; };
		C4D513687CFDCC22CAF60F7A /* Pods-CoreTests.release.xcconfig */ = {isa = PBXFileReference; includeInIndex = 1; lastKnownFileType = text.xcconfig; name = "Pods-CoreTests.release.xcconfig"; path = "../Pods/Target Support Files/Pods-CoreTests/Pods-CoreTests.release.xcconfig"; sourceTree = "<group>"; };
		D7376225211E6A8300E58C0C /* NetworkService.swift */ = {isa = PBXFileReference; lastKnownFileType = sourcecode.swift; path = NetworkService.swift; sourceTree = "<group>"; };
		D7CEA453211E56CB00E94338 /* Core.framework */ = {isa = PBXFileReference; explicitFileType = wrapper.framework; includeInIndex = 0; path = Core.framework; sourceTree = BUILT_PRODUCTS_DIR; };
		D7CEA456211E56CB00E94338 /* Core.h */ = {isa = PBXFileReference; lastKnownFileType = sourcecode.c.h; path = Core.h; sourceTree = "<group>"; };
		D7CEA457211E56CB00E94338 /* Info.plist */ = {isa = PBXFileReference; lastKnownFileType = text.plist.xml; path = Info.plist; sourceTree = "<group>"; };
		D7CEA45C211E56CB00E94338 /* CoreTests.xctest */ = {isa = PBXFileReference; explicitFileType = wrapper.cfbundle; includeInIndex = 0; path = CoreTests.xctest; sourceTree = BUILT_PRODUCTS_DIR; };
		D7CEA461211E56CB00E94338 /* CoreTests.swift */ = {isa = PBXFileReference; lastKnownFileType = sourcecode.swift; path = CoreTests.swift; sourceTree = "<group>"; };
		D7CEA463211E56CB00E94338 /* Info.plist */ = {isa = PBXFileReference; lastKnownFileType = text.plist.xml; path = Info.plist; sourceTree = "<group>"; };
		D7CEA472211E571400E94338 /* PageResponse.swift */ = {isa = PBXFileReference; lastKnownFileType = sourcecode.swift; path = PageResponse.swift; sourceTree = "<group>"; };
		D7CEA473211E571400E94338 /* HoloDexError.swift */ = {isa = PBXFileReference; lastKnownFileType = sourcecode.swift; path = HoloDexError.swift; sourceTree = "<group>"; };
		D7CEA474211E571500E94338 /* StarWarsAPI.swift */ = {isa = PBXFileReference; lastKnownFileType = sourcecode.swift; path = StarWarsAPI.swift; sourceTree = "<group>"; };
		DD96A69F20D6C203038463B1 /* Pods-Core-CoreTests.release.xcconfig */ = {isa = PBXFileReference; includeInIndex = 1; lastKnownFileType = text.xcconfig; name = "Pods-Core-CoreTests.release.xcconfig"; path = "../Pods/Target Support Files/Pods-Core-CoreTests/Pods-Core-CoreTests.release.xcconfig"; sourceTree = "<group>"; };
		F8EDC45D77DBFA546152843F /* Pods_Core.framework */ = {isa = PBXFileReference; explicitFileType = wrapper.framework; includeInIndex = 0; path = Pods_Core.framework; sourceTree = BUILT_PRODUCTS_DIR; };
/* End PBXFileReference section */

/* Begin PBXFrameworksBuildPhase section */
		D7CEA44F211E56CB00E94338 /* Frameworks */ = {
			isa = PBXFrameworksBuildPhase;
			buildActionMask = 2147483647;
			files = (
				63E25E08C5C2BE46F9266CA3 /* Pods_Core.framework in Frameworks */,
			);
			runOnlyForDeploymentPostprocessing = 0;
		};
		D7CEA459211E56CB00E94338 /* Frameworks */ = {
			isa = PBXFrameworksBuildPhase;
			buildActionMask = 2147483647;
			files = (
				D7CEA45D211E56CB00E94338 /* Core.framework in Frameworks */,
				C3E7C5D49225C0E5CDFF6315 /* Pods_Core_CoreTests.framework in Frameworks */,
				44044EB36B5DC2799039BC4A /* Pods_CoreTests.framework in Frameworks */,
			);
			runOnlyForDeploymentPostprocessing = 0;
		};
/* End PBXFrameworksBuildPhase section */

/* Begin PBXGroup section */
		09665DBC8CABE8B81FAFAD42 /* Pods */ = {
			isa = PBXGroup;
			children = (
				7ABC3B1AE6876EAEA40CD637 /* Pods-Core.debug.xcconfig */,
				1512C311905DC81709BFCEAD /* Pods-Core.release.xcconfig */,
				5125BE6E7CB858EA6B8D8FE9 /* Pods-Core-CoreTests.debug.xcconfig */,
				DD96A69F20D6C203038463B1 /* Pods-Core-CoreTests.release.xcconfig */,
				6E0D3B8A1BD488D844B4D7BB /* Pods-CoreTests.debug.xcconfig */,
				C4D513687CFDCC22CAF60F7A /* Pods-CoreTests.release.xcconfig */,
			);
			name = Pods;
			sourceTree = "<group>";
		};
		AB779453D086101508351DD1 /* Frameworks */ = {
			isa = PBXGroup;
			children = (
				F8EDC45D77DBFA546152843F /* Pods_Core.framework */,
				750152B533DF1ABBE61E43F0 /* Pods_Core_CoreTests.framework */,
				078F5FDD9F6246613BA11D7F /* Pods_CoreTests.framework */,
			);
			name = Frameworks;
			sourceTree = "<group>";
		};
		D7376227211E6C0E00E58C0C /* Network */ = {
			isa = PBXGroup;
			children = (
				D7376225211E6A8300E58C0C /* NetworkService.swift */,
				D7CEA472211E571400E94338 /* PageResponse.swift */,
			);
			path = Network;
			sourceTree = "<group>";
		};
		D7CEA449211E56CB00E94338 = {
			isa = PBXGroup;
			children = (
				D7CEA455211E56CB00E94338 /* Core */,
				D7CEA460211E56CB00E94338 /* CoreTests */,
				D7CEA454211E56CB00E94338 /* Products */,
				09665DBC8CABE8B81FAFAD42 /* Pods */,
				AB779453D086101508351DD1 /* Frameworks */,
			);
			sourceTree = "<group>";
		};
		D7CEA454211E56CB00E94338 /* Products */ = {
			isa = PBXGroup;
			children = (
				D7CEA453211E56CB00E94338 /* Core.framework */,
				D7CEA45C211E56CB00E94338 /* CoreTests.xctest */,
			);
			name = Products;
			sourceTree = "<group>";
		};
		D7CEA455211E56CB00E94338 /* Core */ = {
			isa = PBXGroup;
			children = (
				D7376227211E6C0E00E58C0C /* Network */,
				D7CEA474211E571500E94338 /* StarWarsAPI.swift */,
				D7CEA473211E571400E94338 /* HoloDexError.swift */,
				D7CEA456211E56CB00E94338 /* Core.h */,
				D7CEA457211E56CB00E94338 /* Info.plist */,
			);
			path = Core;
			sourceTree = "<group>";
		};
		D7CEA460211E56CB00E94338 /* CoreTests */ = {
			isa = PBXGroup;
			children = (
				D7CEA461211E56CB00E94338 /* CoreTests.swift */,
				D7CEA463211E56CB00E94338 /* Info.plist */,
			);
			path = CoreTests;
			sourceTree = "<group>";
		};
/* End PBXGroup section */

/* Begin PBXHeadersBuildPhase section */
		D7CEA450211E56CB00E94338 /* Headers */ = {
			isa = PBXHeadersBuildPhase;
			buildActionMask = 2147483647;
			files = (
				D7CEA464211E56CB00E94338 /* Core.h in Headers */,
			);
			runOnlyForDeploymentPostprocessing = 0;
		};
/* End PBXHeadersBuildPhase section */

/* Begin PBXNativeTarget section */
		D7CEA452211E56CB00E94338 /* Core */ = {
			isa = PBXNativeTarget;
			buildConfigurationList = D7CEA467211E56CB00E94338 /* Build configuration list for PBXNativeTarget "Core" */;
			buildPhases = (
				D84CF19085AB53A474A6092B /* [CP] Check Pods Manifest.lock */,
				D7CEA44E211E56CB00E94338 /* Sources */,
				D7CEA44F211E56CB00E94338 /* Frameworks */,
				D7CEA450211E56CB00E94338 /* Headers */,
				D7CEA451211E56CB00E94338 /* Resources */,
			);
			buildRules = (
			);
			dependencies = (
			);
			name = Core;
			productName = Core;
			productReference = D7CEA453211E56CB00E94338 /* Core.framework */;
			productType = "com.apple.product-type.framework";
		};
		D7CEA45B211E56CB00E94338 /* CoreTests */ = {
			isa = PBXNativeTarget;
			buildConfigurationList = D7CEA46A211E56CB00E94338 /* Build configuration list for PBXNativeTarget "CoreTests" */;
			buildPhases = (
				7E288785DEFD7CC05383D533 /* [CP] Check Pods Manifest.lock */,
				D7CEA458211E56CB00E94338 /* Sources */,
				D7CEA459211E56CB00E94338 /* Frameworks */,
				D7CEA45A211E56CB00E94338 /* Resources */,
				1E2608B09B4652238B897C82 /* [CP] Embed Pods Frameworks */,
			);
			buildRules = (
			);
			dependencies = (
				D7CEA45F211E56CB00E94338 /* PBXTargetDependency */,
			);
			name = CoreTests;
			productName = CoreTests;
			productReference = D7CEA45C211E56CB00E94338 /* CoreTests.xctest */;
			productType = "com.apple.product-type.bundle.unit-test";
		};
/* End PBXNativeTarget section */

/* Begin PBXProject section */
		D7CEA44A211E56CB00E94338 /* Project object */ = {
			isa = PBXProject;
			attributes = {
				LastSwiftUpdateCheck = 0940;
				LastUpgradeCheck = 0940;
				ORGANIZATIONNAME = "Lewis J Morgan";
				TargetAttributes = {
					D7CEA452211E56CB00E94338 = {
						CreatedOnToolsVersion = 9.4.1;
						LastSwiftMigration = 1010;
					};
					D7CEA45B211E56CB00E94338 = {
						CreatedOnToolsVersion = 9.4.1;
					};
				};
			};
			buildConfigurationList = D7CEA44D211E56CB00E94338 /* Build configuration list for PBXProject "Core" */;
			compatibilityVersion = "Xcode 9.3";
			developmentRegion = en;
			hasScannedForEncodings = 0;
			knownRegions = (
				en,
			);
			mainGroup = D7CEA449211E56CB00E94338;
			productRefGroup = D7CEA454211E56CB00E94338 /* Products */;
			projectDirPath = "";
			projectRoot = "";
			targets = (
				D7CEA452211E56CB00E94338 /* Core */,
				D7CEA45B211E56CB00E94338 /* CoreTests */,
			);
		};
/* End PBXProject section */

/* Begin PBXResourcesBuildPhase section */
		D7CEA451211E56CB00E94338 /* Resources */ = {
			isa = PBXResourcesBuildPhase;
			buildActionMask = 2147483647;
			files = (
			);
			runOnlyForDeploymentPostprocessing = 0;
		};
		D7CEA45A211E56CB00E94338 /* Resources */ = {
			isa = PBXResourcesBuildPhase;
			buildActionMask = 2147483647;
			files = (
			);
			runOnlyForDeploymentPostprocessing = 0;
		};
/* End PBXResourcesBuildPhase section */

/* Begin PBXShellScriptBuildPhase section */
		1E2608B09B4652238B897C82 /* [CP] Embed Pods Frameworks */ = {
			isa = PBXShellScriptBuildPhase;
			buildActionMask = 2147483647;
			files = (
			);
			inputPaths = (
				"${SRCROOT}/../Pods/Target Support Files/Pods-CoreTests/Pods-CoreTests-frameworks.sh",
				"${BUILT_PRODUCTS_DIR}/RxAtomic/RxAtomic.framework",
				"${BUILT_PRODUCTS_DIR}/RxSwift/RxSwift.framework",
				"${BUILT_PRODUCTS_DIR}/Nimble/Nimble.framework",
				"${BUILT_PRODUCTS_DIR}/Quick/Quick.framework",
				"${BUILT_PRODUCTS_DIR}/RxTest/RxTest.framework",
				"${BUILT_PRODUCTS_DIR}/Alamofire/Alamofire.framework",
				"${BUILT_PRODUCTS_DIR}/AlamofireObjectMapper/AlamofireObjectMapper.framework",
				"${BUILT_PRODUCTS_DIR}/ObjectMapper/ObjectMapper.framework",
			);
			name = "[CP] Embed Pods Frameworks";
			outputPaths = (
				"${TARGET_BUILD_DIR}/${FRAMEWORKS_FOLDER_PATH}/RxAtomic.framework",
				"${TARGET_BUILD_DIR}/${FRAMEWORKS_FOLDER_PATH}/RxSwift.framework",
				"${TARGET_BUILD_DIR}/${FRAMEWORKS_FOLDER_PATH}/Nimble.framework",
				"${TARGET_BUILD_DIR}/${FRAMEWORKS_FOLDER_PATH}/Quick.framework",
				"${TARGET_BUILD_DIR}/${FRAMEWORKS_FOLDER_PATH}/RxTest.framework",
				"${TARGET_BUILD_DIR}/${FRAMEWORKS_FOLDER_PATH}/Alamofire.framework",
				"${TARGET_BUILD_DIR}/${FRAMEWORKS_FOLDER_PATH}/AlamofireObjectMapper.framework",
				"${TARGET_BUILD_DIR}/${FRAMEWORKS_FOLDER_PATH}/ObjectMapper.framework",
			);
			runOnlyForDeploymentPostprocessing = 0;
			shellPath = /bin/sh;
			shellScript = "\"${SRCROOT}/../Pods/Target Support Files/Pods-CoreTests/Pods-CoreTests-frameworks.sh\"\n";
			showEnvVarsInLog = 0;
		};
		7E288785DEFD7CC05383D533 /* [CP] Check Pods Manifest.lock */ = {
			isa = PBXShellScriptBuildPhase;
			buildActionMask = 2147483647;
			files = (
			);
			inputPaths = (
				"${PODS_PODFILE_DIR_PATH}/Podfile.lock",
				"${PODS_ROOT}/Manifest.lock",
			);
			name = "[CP] Check Pods Manifest.lock";
			outputPaths = (
				"$(DERIVED_FILE_DIR)/Pods-CoreTests-checkManifestLockResult.txt",
			);
			runOnlyForDeploymentPostprocessing = 0;
			shellPath = /bin/sh;
			shellScript = "diff \"${PODS_PODFILE_DIR_PATH}/Podfile.lock\" \"${PODS_ROOT}/Manifest.lock\" > /dev/null\nif [ $? != 0 ] ; then\n    # print error to STDERR\n    echo \"error: The sandbox is not in sync with the Podfile.lock. Run 'pod install' or update your CocoaPods installation.\" >&2\n    exit 1\nfi\n# This output is used by Xcode 'outputs' to avoid re-running this script phase.\necho \"SUCCESS\" > \"${SCRIPT_OUTPUT_FILE_0}\"\n";
			showEnvVarsInLog = 0;
		};
		D84CF19085AB53A474A6092B /* [CP] Check Pods Manifest.lock */ = {
			isa = PBXShellScriptBuildPhase;
			buildActionMask = 2147483647;
			files = (
			);
			inputPaths = (
				"${PODS_PODFILE_DIR_PATH}/Podfile.lock",
				"${PODS_ROOT}/Manifest.lock",
			);
			name = "[CP] Check Pods Manifest.lock";
			outputPaths = (
				"$(DERIVED_FILE_DIR)/Pods-Core-checkManifestLockResult.txt",
			);
			runOnlyForDeploymentPostprocessing = 0;
			shellPath = /bin/sh;
			shellScript = "diff \"${PODS_PODFILE_DIR_PATH}/Podfile.lock\" \"${PODS_ROOT}/Manifest.lock\" > /dev/null\nif [ $? != 0 ] ; then\n    # print error to STDERR\n    echo \"error: The sandbox is not in sync with the Podfile.lock. Run 'pod install' or update your CocoaPods installation.\" >&2\n    exit 1\nfi\n# This output is used by Xcode 'outputs' to avoid re-running this script phase.\necho \"SUCCESS\" > \"${SCRIPT_OUTPUT_FILE_0}\"\n";
			showEnvVarsInLog = 0;
		};
/* End PBXShellScriptBuildPhase section */

/* Begin PBXSourcesBuildPhase section */
		D7CEA44E211E56CB00E94338 /* Sources */ = {
			isa = PBXSourcesBuildPhase;
			buildActionMask = 2147483647;
			files = (
				D7CEA477211E571500E94338 /* StarWarsAPI.swift in Sources */,
				D7CEA476211E571500E94338 /* HoloDexError.swift in Sources */,
				D7376226211E6A8300E58C0C /* NetworkService.swift in Sources */,
				D7CEA475211E571500E94338 /* PageResponse.swift in Sources */,
			);
			runOnlyForDeploymentPostprocessing = 0;
		};
		D7CEA458211E56CB00E94338 /* Sources */ = {
			isa = PBXSourcesBuildPhase;
			buildActionMask = 2147483647;
			files = (
				D7CEA462211E56CB00E94338 /* CoreTests.swift in Sources */,
			);
			runOnlyForDeploymentPostprocessing = 0;
		};
/* End PBXSourcesBuildPhase section */

/* Begin PBXTargetDependency section */
		D7CEA45F211E56CB00E94338 /* PBXTargetDependency */ = {
			isa = PBXTargetDependency;
			target = D7CEA452211E56CB00E94338 /* Core */;
			targetProxy = D7CEA45E211E56CB00E94338 /* PBXContainerItemProxy */;
		};
/* End PBXTargetDependency section */

/* Begin XCBuildConfiguration section */
		D7CEA465211E56CB00E94338 /* Debug */ = {
			isa = XCBuildConfiguration;
			buildSettings = {
				ALWAYS_SEARCH_USER_PATHS = NO;
				CLANG_ANALYZER_NONNULL = YES;
				CLANG_ANALYZER_NUMBER_OBJECT_CONVERSION = YES_AGGRESSIVE;
				CLANG_CXX_LANGUAGE_STANDARD = "gnu++14";
				CLANG_CXX_LIBRARY = "libc++";
				CLANG_ENABLE_MODULES = YES;
				CLANG_ENABLE_OBJC_ARC = YES;
				CLANG_ENABLE_OBJC_WEAK = YES;
				CLANG_WARN_BLOCK_CAPTURE_AUTORELEASING = YES;
				CLANG_WARN_BOOL_CONVERSION = YES;
				CLANG_WARN_COMMA = YES;
				CLANG_WARN_CONSTANT_CONVERSION = YES;
				CLANG_WARN_DEPRECATED_OBJC_IMPLEMENTATIONS = YES;
				CLANG_WARN_DIRECT_OBJC_ISA_USAGE = YES_ERROR;
				CLANG_WARN_DOCUMENTATION_COMMENTS = YES;
				CLANG_WARN_EMPTY_BODY = YES;
				CLANG_WARN_ENUM_CONVERSION = YES;
				CLANG_WARN_INFINITE_RECURSION = YES;
				CLANG_WARN_INT_CONVERSION = YES;
				CLANG_WARN_NON_LITERAL_NULL_CONVERSION = YES;
				CLANG_WARN_OBJC_IMPLICIT_RETAIN_SELF = YES;
				CLANG_WARN_OBJC_LITERAL_CONVERSION = YES;
				CLANG_WARN_OBJC_ROOT_CLASS = YES_ERROR;
				CLANG_WARN_RANGE_LOOP_ANALYSIS = YES;
				CLANG_WARN_STRICT_PROTOTYPES = YES;
				CLANG_WARN_SUSPICIOUS_MOVE = YES;
				CLANG_WARN_UNGUARDED_AVAILABILITY = YES_AGGRESSIVE;
				CLANG_WARN_UNREACHABLE_CODE = YES;
				CLANG_WARN__DUPLICATE_METHOD_MATCH = YES;
				CODE_SIGN_IDENTITY = "iPhone Developer";
				COPY_PHASE_STRIP = NO;
				CURRENT_PROJECT_VERSION = 1;
				DEBUG_INFORMATION_FORMAT = dwarf;
				ENABLE_STRICT_OBJC_MSGSEND = YES;
				ENABLE_TESTABILITY = YES;
				GCC_C_LANGUAGE_STANDARD = gnu11;
				GCC_DYNAMIC_NO_PIC = NO;
				GCC_NO_COMMON_BLOCKS = YES;
				GCC_OPTIMIZATION_LEVEL = 0;
				GCC_PREPROCESSOR_DEFINITIONS = (
					"DEBUG=1",
					"$(inherited)",
				);
				GCC_WARN_64_TO_32_BIT_CONVERSION = YES;
				GCC_WARN_ABOUT_RETURN_TYPE = YES_ERROR;
				GCC_WARN_UNDECLARED_SELECTOR = YES;
				GCC_WARN_UNINITIALIZED_AUTOS = YES_AGGRESSIVE;
				GCC_WARN_UNUSED_FUNCTION = YES;
				GCC_WARN_UNUSED_VARIABLE = YES;
				IPHONEOS_DEPLOYMENT_TARGET = 11.4;
				MTL_ENABLE_DEBUG_INFO = YES;
				ONLY_ACTIVE_ARCH = YES;
				SDKROOT = iphoneos;
				SWIFT_ACTIVE_COMPILATION_CONDITIONS = DEBUG;
				SWIFT_OPTIMIZATION_LEVEL = "-Onone";
				VERSIONING_SYSTEM = "apple-generic";
				VERSION_INFO_PREFIX = "";
			};
			name = Debug;
		};
		D7CEA466211E56CB00E94338 /* Release */ = {
			isa = XCBuildConfiguration;
			buildSettings = {
				ALWAYS_SEARCH_USER_PATHS = NO;
				CLANG_ANALYZER_NONNULL = YES;
				CLANG_ANALYZER_NUMBER_OBJECT_CONVERSION = YES_AGGRESSIVE;
				CLANG_CXX_LANGUAGE_STANDARD = "gnu++14";
				CLANG_CXX_LIBRARY = "libc++";
				CLANG_ENABLE_MODULES = YES;
				CLANG_ENABLE_OBJC_ARC = YES;
				CLANG_ENABLE_OBJC_WEAK = YES;
				CLANG_WARN_BLOCK_CAPTURE_AUTORELEASING = YES;
				CLANG_WARN_BOOL_CONVERSION = YES;
				CLANG_WARN_COMMA = YES;
				CLANG_WARN_CONSTANT_CONVERSION = YES;
				CLANG_WARN_DEPRECATED_OBJC_IMPLEMENTATIONS = YES;
				CLANG_WARN_DIRECT_OBJC_ISA_USAGE = YES_ERROR;
				CLANG_WARN_DOCUMENTATION_COMMENTS = YES;
				CLANG_WARN_EMPTY_BODY = YES;
				CLANG_WARN_ENUM_CONVERSION = YES;
				CLANG_WARN_INFINITE_RECURSION = YES;
				CLANG_WARN_INT_CONVERSION = YES;
				CLANG_WARN_NON_LITERAL_NULL_CONVERSION = YES;
				CLANG_WARN_OBJC_IMPLICIT_RETAIN_SELF = YES;
				CLANG_WARN_OBJC_LITERAL_CONVERSION = YES;
				CLANG_WARN_OBJC_ROOT_CLASS = YES_ERROR;
				CLANG_WARN_RANGE_LOOP_ANALYSIS = YES;
				CLANG_WARN_STRICT_PROTOTYPES = YES;
				CLANG_WARN_SUSPICIOUS_MOVE = YES;
				CLANG_WARN_UNGUARDED_AVAILABILITY = YES_AGGRESSIVE;
				CLANG_WARN_UNREACHABLE_CODE = YES;
				CLANG_WARN__DUPLICATE_METHOD_MATCH = YES;
				CODE_SIGN_IDENTITY = "iPhone Developer";
				COPY_PHASE_STRIP = NO;
				CURRENT_PROJECT_VERSION = 1;
				DEBUG_INFORMATION_FORMAT = "dwarf-with-dsym";
				ENABLE_NS_ASSERTIONS = NO;
				ENABLE_STRICT_OBJC_MSGSEND = YES;
				GCC_C_LANGUAGE_STANDARD = gnu11;
				GCC_NO_COMMON_BLOCKS = YES;
				GCC_WARN_64_TO_32_BIT_CONVERSION = YES;
				GCC_WARN_ABOUT_RETURN_TYPE = YES_ERROR;
				GCC_WARN_UNDECLARED_SELECTOR = YES;
				GCC_WARN_UNINITIALIZED_AUTOS = YES_AGGRESSIVE;
				GCC_WARN_UNUSED_FUNCTION = YES;
				GCC_WARN_UNUSED_VARIABLE = YES;
				IPHONEOS_DEPLOYMENT_TARGET = 11.4;
				MTL_ENABLE_DEBUG_INFO = NO;
				SDKROOT = iphoneos;
				SWIFT_COMPILATION_MODE = wholemodule;
				SWIFT_OPTIMIZATION_LEVEL = "-O";
				VALIDATE_PRODUCT = YES;
				VERSIONING_SYSTEM = "apple-generic";
				VERSION_INFO_PREFIX = "";
			};
			name = Release;
		};
		D7CEA468211E56CB00E94338 /* Debug */ = {
			isa = XCBuildConfiguration;
			baseConfigurationReference = 7ABC3B1AE6876EAEA40CD637 /* Pods-Core.debug.xcconfig */;
			buildSettings = {
				CODE_SIGN_IDENTITY = "";
				CODE_SIGN_STYLE = Automatic;
				DEFINES_MODULE = YES;
				DEVELOPMENT_TEAM = J8SLW9YW9U;
				DYLIB_COMPATIBILITY_VERSION = 1;
				DYLIB_CURRENT_VERSION = 1;
				DYLIB_INSTALL_NAME_BASE = "@rpath";
				INFOPLIST_FILE = Core/Info.plist;
				INSTALL_PATH = "$(LOCAL_LIBRARY_DIR)/Frameworks";
				LD_RUNPATH_SEARCH_PATHS = (
					"$(inherited)",
					"@executable_path/Frameworks",
					"@loader_path/Frameworks",
				);
				PRODUCT_BUNDLE_IDENTIFIER = com.lewisjmorgan.holodex.Core;
				PRODUCT_NAME = "$(TARGET_NAME:c99extidentifier)";
				SKIP_INSTALL = YES;
				SWIFT_VERSION = 4.2;
				TARGETED_DEVICE_FAMILY = "1,2";
			};
			name = Debug;
		};
		D7CEA469211E56CB00E94338 /* Release */ = {
			isa = XCBuildConfiguration;
			baseConfigurationReference = 1512C311905DC81709BFCEAD /* Pods-Core.release.xcconfig */;
			buildSettings = {
				CODE_SIGN_IDENTITY = "";
				CODE_SIGN_STYLE = Automatic;
				DEFINES_MODULE = YES;
				DEVELOPMENT_TEAM = J8SLW9YW9U;
				DYLIB_COMPATIBILITY_VERSION = 1;
				DYLIB_CURRENT_VERSION = 1;
				DYLIB_INSTALL_NAME_BASE = "@rpath";
				INFOPLIST_FILE = Core/Info.plist;
				INSTALL_PATH = "$(LOCAL_LIBRARY_DIR)/Frameworks";
				LD_RUNPATH_SEARCH_PATHS = (
					"$(inherited)",
					"@executable_path/Frameworks",
					"@loader_path/Frameworks",
				);
				PRODUCT_BUNDLE_IDENTIFIER = com.lewisjmorgan.holodex.Core;
				PRODUCT_NAME = "$(TARGET_NAME:c99extidentifier)";
				SKIP_INSTALL = YES;
				SWIFT_VERSION = 4.2;
				TARGETED_DEVICE_FAMILY = "1,2";
			};
			name = Release;
		};
		D7CEA46B211E56CB00E94338 /* Debug */ = {
			isa = XCBuildConfiguration;
			baseConfigurationReference = 6E0D3B8A1BD488D844B4D7BB /* Pods-CoreTests.debug.xcconfig */;
			buildSettings = {
				ALWAYS_EMBED_SWIFT_STANDARD_LIBRARIES = "$(inherited)";
				CODE_SIGN_STYLE = Automatic;
				DEVELOPMENT_TEAM = J8SLW9YW9U;
				INFOPLIST_FILE = CoreTests/Info.plist;
				LD_RUNPATH_SEARCH_PATHS = (
					"$(inherited)",
					"@executable_path/Frameworks",
					"@loader_path/Frameworks",
				);
				PRODUCT_BUNDLE_IDENTIFIER = com.lewisjmorgan.holodex.CoreTests;
				PRODUCT_NAME = "$(TARGET_NAME)";
				SWIFT_VERSION = 4.0;
				TARGETED_DEVICE_FAMILY = "1,2";
			};
			name = Debug;
		};
		D7CEA46C211E56CB00E94338 /* Release */ = {
			isa = XCBuildConfiguration;
			baseConfigurationReference = C4D513687CFDCC22CAF60F7A /* Pods-CoreTests.release.xcconfig */;
			buildSettings = {
				ALWAYS_EMBED_SWIFT_STANDARD_LIBRARIES = "$(inherited)";
				CODE_SIGN_STYLE = Automatic;
				DEVELOPMENT_TEAM = J8SLW9YW9U;
				INFOPLIST_FILE = CoreTests/Info.plist;
				LD_RUNPATH_SEARCH_PATHS = (
					"$(inherited)",
					"@executable_path/Frameworks",
					"@loader_path/Frameworks",
				);
				PRODUCT_BUNDLE_IDENTIFIER = com.lewisjmorgan.holodex.CoreTests;
				PRODUCT_NAME = "$(TARGET_NAME)";
				SWIFT_VERSION = 4.0;
				TARGETED_DEVICE_FAMILY = "1,2";
			};
			name = Release;
		};
/* End XCBuildConfiguration section */

/* Begin XCConfigurationList section */
		D7CEA44D211E56CB00E94338 /* Build configuration list for PBXProject "Core" */ = {
			isa = XCConfigurationList;
			buildConfigurations = (
				D7CEA465211E56CB00E94338 /* Debug */,
				D7CEA466211E56CB00E94338 /* Release */,
			);
			defaultConfigurationIsVisible = 0;
			defaultConfigurationName = Release;
		};
		D7CEA467211E56CB00E94338 /* Build configuration list for PBXNativeTarget "Core" */ = {
			isa = XCConfigurationList;
			buildConfigurations = (
				D7CEA468211E56CB00E94338 /* Debug */,
				D7CEA469211E56CB00E94338 /* Release */,
			);
			defaultConfigurationIsVisible = 0;
			defaultConfigurationName = Release;
		};
		D7CEA46A211E56CB00E94338 /* Build configuration list for PBXNativeTarget "CoreTests" */ = {
			isa = XCConfigurationList;
			buildConfigurations = (
				D7CEA46B211E56CB00E94338 /* Debug */,
				D7CEA46C211E56CB00E94338 /* Release */,
			);
			defaultConfigurationIsVisible = 0;
			defaultConfigurationName = Release;
		};
/* End XCConfigurationList section */
	};
	rootObject = D7CEA44A211E56CB00E94338 /* Project object */;
}
