// !$*UTF8*$!
{
	archiveVersion = 1;
	classes = {
	};
	objectVersion = 51;
	objects = {

/* Begin PBXBuildFile section */
		D750042D220E350F0098FCA5 /* Action.framework in Frameworks */ = {isa = PBXBuildFile; fileRef = D750042C220E350F0098FCA5 /* Action.framework */; };
		D75958B322038CA100BAFCC1 /* Network.framework in Frameworks */ = {isa = PBXBuildFile; fileRef = D75958B222038CA100BAFCC1 /* Network.framework */; };
		D75958B422038CA100BAFCC1 /* Network.framework in Embed Frameworks */ = {isa = PBXBuildFile; fileRef = D75958B222038CA100BAFCC1 /* Network.framework */; settings = {ATTRIBUTES = (CodeSignOnCopy, RemoveHeadersOnCopy, ); }; };
		D75958B622038CA800BAFCC1 /* People.framework in Frameworks */ = {isa = PBXBuildFile; fileRef = D75958B522038CA800BAFCC1 /* People.framework */; };
		D75958B722038CA800BAFCC1 /* People.framework in Embed Frameworks */ = {isa = PBXBuildFile; fileRef = D75958B522038CA800BAFCC1 /* People.framework */; settings = {ATTRIBUTES = (CodeSignOnCopy, RemoveHeadersOnCopy, ); }; };
		D75958BC220394D300BAFCC1 /* PersonListView.xib in Resources */ = {isa = PBXBuildFile; fileRef = D75958BB220394D300BAFCC1 /* PersonListView.xib */; };
		D75A341121093428003A4C6D /* AppDelegate.swift in Sources */ = {isa = PBXBuildFile; fileRef = D75A341021093428003A4C6D /* AppDelegate.swift */; };
		D75A341821093429003A4C6D /* Assets.xcassets in Resources */ = {isa = PBXBuildFile; fileRef = D75A341721093429003A4C6D /* Assets.xcassets */; };
		D75A341B21093429003A4C6D /* LaunchScreen.storyboard in Resources */ = {isa = PBXBuildFile; fileRef = D75A341921093429003A4C6D /* LaunchScreen.storyboard */; };
		D766BA2621FBDDE2007A2ED2 /* AppTabBarCoordinator.swift in Sources */ = {isa = PBXBuildFile; fileRef = D766BA2521FBDDE2007A2ED2 /* AppTabBarCoordinator.swift */; };
		D766BA2821FBDE66007A2ED2 /* AppRoute.swift in Sources */ = {isa = PBXBuildFile; fileRef = D766BA2721FBDE66007A2ED2 /* AppRoute.swift */; };
		D7A1D762220E31BF00286709 /* PersonListViewModel.swift in Sources */ = {isa = PBXBuildFile; fileRef = D7A1D761220E31BF00286709 /* PersonListViewModel.swift */; };
		D7BA267522037CA6007E88AD /* XCoordinator.framework in Frameworks */ = {isa = PBXBuildFile; fileRef = D7BA266D22037CA5007E88AD /* XCoordinator.framework */; };
		D7BA267622037CA6007E88AD /* RxCocoa.framework in Frameworks */ = {isa = PBXBuildFile; fileRef = D7BA266E22037CA5007E88AD /* RxCocoa.framework */; };
		D7BA267722037CA6007E88AD /* ObjectMapper.framework in Frameworks */ = {isa = PBXBuildFile; fileRef = D7BA266F22037CA5007E88AD /* ObjectMapper.framework */; };
		D7BA267822037CA6007E88AD /* Alamofire.framework in Frameworks */ = {isa = PBXBuildFile; fileRef = D7BA267022037CA5007E88AD /* Alamofire.framework */; };
		D7BA267922037CA6007E88AD /* AlamofireObjectMapper.framework in Frameworks */ = {isa = PBXBuildFile; fileRef = D7BA267122037CA5007E88AD /* AlamofireObjectMapper.framework */; };
		D7BA267B22037CA6007E88AD /* RxSwift.framework in Frameworks */ = {isa = PBXBuildFile; fileRef = D7BA267322037CA5007E88AD /* RxSwift.framework */; };
		D7BA26992203837B007E88AD /* RxAtomic.framework in Frameworks */ = {isa = PBXBuildFile; fileRef = D7BA26982203837B007E88AD /* RxAtomic.framework */; };
		D7C857D521FFACBF00DA33A0 /* PeopleListCoordinator.swift in Sources */ = {isa = PBXBuildFile; fileRef = D7C857D421FFACBF00DA33A0 /* PeopleListCoordinator.swift */; };
		D7FE7515210955C500DE1E28 /* PersonListViewController.swift in Sources */ = {isa = PBXBuildFile; fileRef = D7FE7514210955C500DE1E28 /* PersonListViewController.swift */; };
/* End PBXBuildFile section */

/* Begin PBXContainerItemProxy section */
		D7362738211CF804003F54FC /* PBXContainerItemProxy */ = {
			isa = PBXContainerItemProxy;
			containerPortal = D75A340521093428003A4C6D /* Project object */;
			proxyType = 1;
			remoteGlobalIDString = D75A340C21093428003A4C6D;
			remoteInfo = HoloDex;
		};
/* End PBXContainerItemProxy section */

/* Begin PBXCopyFilesBuildPhase section */
		D7BA26A022038477007E88AD /* Embed Frameworks */ = {
			isa = PBXCopyFilesBuildPhase;
			buildActionMask = 2147483647;
			dstPath = "";
			dstSubfolderSpec = 10;
			files = (
				D75958B422038CA100BAFCC1 /* Network.framework in Embed Frameworks */,
				D75958B722038CA800BAFCC1 /* People.framework in Embed Frameworks */,
			);
			name = "Embed Frameworks";
			runOnlyForDeploymentPostprocessing = 0;
		};
/* End PBXCopyFilesBuildPhase section */

/* Begin PBXFileReference section */
		D7362733211CF804003F54FC /* HoloDexUnitTests.xctest */ = {isa = PBXFileReference; explicitFileType = wrapper.cfbundle; includeInIndex = 0; path = HoloDexUnitTests.xctest; sourceTree = BUILT_PRODUCTS_DIR; };
		D7362737211CF804003F54FC /* Info.plist */ = {isa = PBXFileReference; lastKnownFileType = text.plist.xml; path = Info.plist; sourceTree = "<group>"; };
		D750042C220E350F0098FCA5 /* Action.framework */ = {isa = PBXFileReference; lastKnownFileType = wrapper.framework; name = Action.framework; path = Carthage/Build/iOS/Action.framework; sourceTree = "<group>"; };
		D75958B222038CA100BAFCC1 /* Network.framework */ = {isa = PBXFileReference; explicitFileType = wrapper.framework; path = Network.framework; sourceTree = BUILT_PRODUCTS_DIR; };
		D75958B522038CA800BAFCC1 /* People.framework */ = {isa = PBXFileReference; explicitFileType = wrapper.framework; path = People.framework; sourceTree = BUILT_PRODUCTS_DIR; };
		D75958BB220394D300BAFCC1 /* PersonListView.xib */ = {isa = PBXFileReference; lastKnownFileType = file.xib; path = PersonListView.xib; sourceTree = "<group>"; };
		D75A340D21093428003A4C6D /* HoloDex.app */ = {isa = PBXFileReference; explicitFileType = wrapper.application; includeInIndex = 0; path = HoloDex.app; sourceTree = BUILT_PRODUCTS_DIR; };
		D75A341021093428003A4C6D /* AppDelegate.swift */ = {isa = PBXFileReference; lastKnownFileType = sourcecode.swift; path = AppDelegate.swift; sourceTree = "<group>"; };
		D75A341721093429003A4C6D /* Assets.xcassets */ = {isa = PBXFileReference; lastKnownFileType = folder.assetcatalog; path = Assets.xcassets; sourceTree = "<group>"; };
		D75A341A21093429003A4C6D /* Base */ = {isa = PBXFileReference; lastKnownFileType = file.storyboard; name = Base; path = Base.lproj/LaunchScreen.storyboard; sourceTree = "<group>"; };
		D75A341C21093429003A4C6D /* Info.plist */ = {isa = PBXFileReference; lastKnownFileType = text.plist.xml; path = Info.plist; sourceTree = "<group>"; };
		D766BA2521FBDDE2007A2ED2 /* AppTabBarCoordinator.swift */ = {isa = PBXFileReference; lastKnownFileType = sourcecode.swift; path = AppTabBarCoordinator.swift; sourceTree = "<group>"; };
		D766BA2721FBDE66007A2ED2 /* AppRoute.swift */ = {isa = PBXFileReference; lastKnownFileType = sourcecode.swift; path = AppRoute.swift; sourceTree = "<group>"; };
		D7A1D761220E31BF00286709 /* PersonListViewModel.swift */ = {isa = PBXFileReference; lastKnownFileType = sourcecode.swift; path = PersonListViewModel.swift; sourceTree = "<group>"; };
		D7BA266C22037CA5007E88AD /* FlexLayout.framework */ = {isa = PBXFileReference; lastKnownFileType = wrapper.framework; name = FlexLayout.framework; path = Carthage/Build/iOS/FlexLayout.framework; sourceTree = "<group>"; };
		D7BA266D22037CA5007E88AD /* XCoordinator.framework */ = {isa = PBXFileReference; lastKnownFileType = wrapper.framework; name = XCoordinator.framework; path = Carthage/Build/iOS/XCoordinator.framework; sourceTree = "<group>"; };
		D7BA266E22037CA5007E88AD /* RxCocoa.framework */ = {isa = PBXFileReference; lastKnownFileType = wrapper.framework; name = RxCocoa.framework; path = Carthage/Build/iOS/RxCocoa.framework; sourceTree = "<group>"; };
		D7BA266F22037CA5007E88AD /* ObjectMapper.framework */ = {isa = PBXFileReference; lastKnownFileType = wrapper.framework; name = ObjectMapper.framework; path = Carthage/Build/iOS/ObjectMapper.framework; sourceTree = "<group>"; };
		D7BA267022037CA5007E88AD /* Alamofire.framework */ = {isa = PBXFileReference; lastKnownFileType = wrapper.framework; name = Alamofire.framework; path = Carthage/Build/iOS/Alamofire.framework; sourceTree = "<group>"; };
		D7BA267122037CA5007E88AD /* AlamofireObjectMapper.framework */ = {isa = PBXFileReference; lastKnownFileType = wrapper.framework; name = AlamofireObjectMapper.framework; path = Carthage/Build/iOS/AlamofireObjectMapper.framework; sourceTree = "<group>"; };
		D7BA267222037CA5007E88AD /* PinLayout.framework */ = {isa = PBXFileReference; lastKnownFileType = wrapper.framework; name = PinLayout.framework; path = Carthage/Build/iOS/PinLayout.framework; sourceTree = "<group>"; };
		D7BA267322037CA5007E88AD /* RxSwift.framework */ = {isa = PBXFileReference; lastKnownFileType = wrapper.framework; name = RxSwift.framework; path = Carthage/Build/iOS/RxSwift.framework; sourceTree = "<group>"; };
		D7BA26982203837B007E88AD /* RxAtomic.framework */ = {isa = PBXFileReference; lastKnownFileType = wrapper.framework; name = RxAtomic.framework; path = Carthage/Build/iOS/RxAtomic.framework; sourceTree = "<group>"; };
		D7C857D421FFACBF00DA33A0 /* PeopleListCoordinator.swift */ = {isa = PBXFileReference; lastKnownFileType = sourcecode.swift; path = PeopleListCoordinator.swift; sourceTree = "<group>"; };
		D7FE7514210955C500DE1E28 /* PersonListViewController.swift */ = {isa = PBXFileReference; lastKnownFileType = sourcecode.swift; path = PersonListViewController.swift; sourceTree = "<group>"; };
/* End PBXFileReference section */

/* Begin PBXFrameworksBuildPhase section */
		D7362730211CF804003F54FC /* Frameworks */ = {
			isa = PBXFrameworksBuildPhase;
			buildActionMask = 2147483647;
			files = (
			);
			runOnlyForDeploymentPostprocessing = 0;
		};
		D75A340A21093428003A4C6D /* Frameworks */ = {
			isa = PBXFrameworksBuildPhase;
			buildActionMask = 2147483647;
			files = (
				D750042D220E350F0098FCA5 /* Action.framework in Frameworks */,
				D7BA267B22037CA6007E88AD /* RxSwift.framework in Frameworks */,
				D75958B622038CA800BAFCC1 /* People.framework in Frameworks */,
				D7BA267722037CA6007E88AD /* ObjectMapper.framework in Frameworks */,
				D7BA267522037CA6007E88AD /* XCoordinator.framework in Frameworks */,
				D7BA26992203837B007E88AD /* RxAtomic.framework in Frameworks */,
				D7BA267822037CA6007E88AD /* Alamofire.framework in Frameworks */,
				D7BA267622037CA6007E88AD /* RxCocoa.framework in Frameworks */,
				D7BA267922037CA6007E88AD /* AlamofireObjectMapper.framework in Frameworks */,
				D75958B322038CA100BAFCC1 /* Network.framework in Frameworks */,
			);
			runOnlyForDeploymentPostprocessing = 0;
		};
/* End PBXFrameworksBuildPhase section */

/* Begin PBXGroup section */
		D70C54A0211CEBCD00106D73 /* Common */ = {
			isa = PBXGroup;
			children = (
				D75A341021093428003A4C6D /* AppDelegate.swift */,
				D75A341921093429003A4C6D /* LaunchScreen.storyboard */,
			);
			path = Common;
			sourceTree = "<group>";
		};
		D7362734211CF804003F54FC /* HoloDexUnitTests */ = {
			isa = PBXGroup;
			children = (
				D7362737211CF804003F54FC /* Info.plist */,
			);
			path = HoloDexUnitTests;
			sourceTree = "<group>";
		};
		D75A340421093428003A4C6D = {
			isa = PBXGroup;
			children = (
				D75A340F21093428003A4C6D /* HoloDex */,
				D7362734211CF804003F54FC /* HoloDexUnitTests */,
				D75958B522038CA800BAFCC1 /* People.framework */,
				D75958B222038CA100BAFCC1 /* Network.framework */,
				D75A340E21093428003A4C6D /* Products */,
				F019FED0A88DF487CE749D40 /* Frameworks */,
			);
			sourceTree = "<group>";
		};
		D75A340E21093428003A4C6D /* Products */ = {
			isa = PBXGroup;
			children = (
				D75A340D21093428003A4C6D /* HoloDex.app */,
				D7362733211CF804003F54FC /* HoloDexUnitTests.xctest */,
			);
			name = Products;
			sourceTree = "<group>";
		};
		D75A340F21093428003A4C6D /* HoloDex */ = {
			isa = PBXGroup;
			children = (
				D70C54A0211CEBCD00106D73 /* Common */,
				D766BA2421FBDDC3007A2ED2 /* Coordinators */,
				D7A1D760220E308800286709 /* Scenes */,
				D75A341721093429003A4C6D /* Assets.xcassets */,
				D75A341C21093429003A4C6D /* Info.plist */,
			);
			path = HoloDex;
			sourceTree = "<group>";
		};
		D766BA2421FBDDC3007A2ED2 /* Coordinators */ = {
			isa = PBXGroup;
			children = (
				D766BA2521FBDDE2007A2ED2 /* AppTabBarCoordinator.swift */,
				D766BA2721FBDE66007A2ED2 /* AppRoute.swift */,
				D7C857D421FFACBF00DA33A0 /* PeopleListCoordinator.swift */,
			);
			path = Coordinators;
			sourceTree = "<group>";
		};
		D7A1D760220E308800286709 /* Scenes */ = {
			isa = PBXGroup;
			children = (
				D7DD0A2D210AAE290072A896 /* People */,
			);
			path = Scenes;
			sourceTree = "<group>";
		};
		D7DD0A2D210AAE290072A896 /* People */ = {
			isa = PBXGroup;
			children = (
				D7FE7514210955C500DE1E28 /* PersonListViewController.swift */,
				D75958BB220394D300BAFCC1 /* PersonListView.xib */,
				D7A1D761220E31BF00286709 /* PersonListViewModel.swift */,
			);
			path = People;
			sourceTree = "<group>";
		};
		F019FED0A88DF487CE749D40 /* Frameworks */ = {
			isa = PBXGroup;
			children = (
				D750042C220E350F0098FCA5 /* Action.framework */,
				D7BA26982203837B007E88AD /* RxAtomic.framework */,
				D7BA267022037CA5007E88AD /* Alamofire.framework */,
				D7BA267122037CA5007E88AD /* AlamofireObjectMapper.framework */,
				D7BA266C22037CA5007E88AD /* FlexLayout.framework */,
				D7BA266F22037CA5007E88AD /* ObjectMapper.framework */,
				D7BA267222037CA5007E88AD /* PinLayout.framework */,
				D7BA266E22037CA5007E88AD /* RxCocoa.framework */,
				D7BA267322037CA5007E88AD /* RxSwift.framework */,
				D7BA266D22037CA5007E88AD /* XCoordinator.framework */,
			);
			name = Frameworks;
			sourceTree = "<group>";
		};
/* End PBXGroup section */

/* Begin PBXNativeTarget section */
		D7362732211CF804003F54FC /* HoloDexUnitTests */ = {
			isa = PBXNativeTarget;
			buildConfigurationList = D736273C211CF804003F54FC /* Build configuration list for PBXNativeTarget "HoloDexUnitTests" */;
			buildPhases = (
				D736272F211CF804003F54FC /* Sources */,
				D7362730211CF804003F54FC /* Frameworks */,
				D7362731211CF804003F54FC /* Resources */,
			);
			buildRules = (
			);
			dependencies = (
				D7362739211CF804003F54FC /* PBXTargetDependency */,
			);
			name = HoloDexUnitTests;
			productName = HoloDexUnitTests;
			productReference = D7362733211CF804003F54FC /* HoloDexUnitTests.xctest */;
			productType = "com.apple.product-type.bundle.unit-test";
		};
		D75A340C21093428003A4C6D /* HoloDex */ = {
			isa = PBXNativeTarget;
			buildConfigurationList = D75A341F21093429003A4C6D /* Build configuration list for PBXNativeTarget "HoloDex" */;
			buildPhases = (
				D72D3FFA210943E50095BEE0 /* [ SwiftLint ] */,
				D75A340921093428003A4C6D /* Sources */,
				D75A340A21093428003A4C6D /* Frameworks */,
				D75A340B21093428003A4C6D /* Resources */,
				D7BA267C22037CE8007E88AD /* [ Carthage - Copy Frameworks ] */,
				D7BA26A022038477007E88AD /* Embed Frameworks */,
			);
			buildRules = (
			);
			dependencies = (
			);
			name = HoloDex;
			productName = HoloDex;
			productReference = D75A340D21093428003A4C6D /* HoloDex.app */;
			productType = "com.apple.product-type.application";
		};
/* End PBXNativeTarget section */

/* Begin PBXProject section */
		D75A340521093428003A4C6D /* Project object */ = {
			isa = PBXProject;
			attributes = {
				LastSwiftUpdateCheck = 0940;
				LastUpgradeCheck = 0940;
				ORGANIZATIONNAME = "Lewis J Morgan";
				TargetAttributes = {
					D7362732211CF804003F54FC = {
						CreatedOnToolsVersion = 9.4.1;
						TestTargetID = D75A340C21093428003A4C6D;
					};
					D75A340C21093428003A4C6D = {
						CreatedOnToolsVersion = 9.4.1;
						LastSwiftMigration = 1010;
					};
				};
			};
			buildConfigurationList = D75A340821093428003A4C6D /* Build configuration list for PBXProject "HoloDex" */;
			compatibilityVersion = "Xcode 10.0";
			developmentRegion = en;
			hasScannedForEncodings = 0;
			knownRegions = (
				en,
				Base,
			);
			mainGroup = D75A340421093428003A4C6D;
			productRefGroup = D75A340E21093428003A4C6D /* Products */;
			projectDirPath = "";
			projectRoot = "";
			targets = (
				D75A340C21093428003A4C6D /* HoloDex */,
				D7362732211CF804003F54FC /* HoloDexUnitTests */,
			);
		};
/* End PBXProject section */

/* Begin PBXResourcesBuildPhase section */
		D7362731211CF804003F54FC /* Resources */ = {
			isa = PBXResourcesBuildPhase;
			buildActionMask = 2147483647;
			files = (
			);
			runOnlyForDeploymentPostprocessing = 0;
		};
		D75A340B21093428003A4C6D /* Resources */ = {
			isa = PBXResourcesBuildPhase;
			buildActionMask = 2147483647;
			files = (
				D75A341B21093429003A4C6D /* LaunchScreen.storyboard in Resources */,
				D75A341821093429003A4C6D /* Assets.xcassets in Resources */,
				D75958BC220394D300BAFCC1 /* PersonListView.xib in Resources */,
			);
			runOnlyForDeploymentPostprocessing = 0;
		};
/* End PBXResourcesBuildPhase section */

/* Begin PBXShellScriptBuildPhase section */
		D72D3FFA210943E50095BEE0 /* [ SwiftLint ] */ = {
			isa = PBXShellScriptBuildPhase;
			buildActionMask = 2147483647;
			files = (
			);
			inputPaths = (
			);
			name = "[ SwiftLint ]";
			outputPaths = (
			);
			runOnlyForDeploymentPostprocessing = 0;
			shellPath = /bin/sh;
			shellScript = "if which swiftlint >/dev/null; then\nswiftlint\nelse\necho \"warning: SwiftLint not installed, download from https://github.com/realm/SwiftLint\"\nfi\n";
		};
		D7BA267C22037CE8007E88AD /* [ Carthage - Copy Frameworks ] */ = {
			isa = PBXShellScriptBuildPhase;
			buildActionMask = 2147483647;
			files = (
			);
			inputFileListPaths = (
			);
			inputPaths = (
				"$(SRCROOT)/Carthage/Build/iOS/Alamofire.framework",
				"$(SRCROOT)/Carthage/Build/iOS/AlamofireObjectMapper.framework",
				"$(SRCROOT)/Carthage/Build/iOS/ObjectMapper.framework",
				"$(SRCROOT)/Carthage/Build/iOS/RxCocoa.framework",
				"$(SRCROOT)/Carthage/Build/iOS/XCoordinator.framework",
				"$(SRCROOT)/Carthage/Build/iOS/RxSwift.framework",
				"$(SRCROOT)/Carthage/Build/iOS/RxAtomic.framework",
				"$(SRCROOT)/Carthage/Build/iOS/Action.framework",
			);
			name = "[ Carthage - Copy Frameworks ]";
			outputFileListPaths = (
			);
			outputPaths = (
				"$(BUILT_PRODUCTS_DIR)/$(FRAMEWORKS_FOLDER_PATH)/Alamofire.framework",
				"$(BUILT_PRODUCTS_DIR)/$(FRAMEWORKS_FOLDER_PATH)/AlamofireObjectMapper.framework",
				"$(BUILT_PRODUCTS_DIR)/$(FRAMEWORKS_FOLDER_PATH)/ObjectMapper.framework",
				"$(BUILT_PRODUCTS_DIR)/$(FRAMEWORKS_FOLDER_PATH)/RxCocoa.framework",
				"$(BUILT_PRODUCTS_DIR)/$(FRAMEWORKS_FOLDER_PATH)/RxSwift.framework",
				"$(BUILT_PRODUCTS_DIR)/$(FRAMEWORKS_FOLDER_PATH)/XCoordinator.framework",
				"$(BUILT_PRODUCTS_DIR)/$(FRAMEWORKS_FOLDER_PATH)/RxAtomic.framework",
				"$(BUILT_PRODUCTS_DIR)/$(FRAMEWORKS_FOLDER_PATH)/Action.framework",
			);
			runOnlyForDeploymentPostprocessing = 0;
			shellPath = /bin/sh;
			shellScript = "/usr/local/bin/carthage copy-frameworks\n";
		};
/* End PBXShellScriptBuildPhase section */

/* Begin PBXSourcesBuildPhase section */
		D736272F211CF804003F54FC /* Sources */ = {
			isa = PBXSourcesBuildPhase;
			buildActionMask = 2147483647;
			files = (
			);
			runOnlyForDeploymentPostprocessing = 0;
		};
		D75A340921093428003A4C6D /* Sources */ = {
			isa = PBXSourcesBuildPhase;
			buildActionMask = 2147483647;
			files = (
				D766BA2621FBDDE2007A2ED2 /* AppTabBarCoordinator.swift in Sources */,
				D766BA2821FBDE66007A2ED2 /* AppRoute.swift in Sources */,
				D7C857D521FFACBF00DA33A0 /* PeopleListCoordinator.swift in Sources */,
				D7FE7515210955C500DE1E28 /* PersonListViewController.swift in Sources */,
				D75A341121093428003A4C6D /* AppDelegate.swift in Sources */,
				D7A1D762220E31BF00286709 /* PersonListViewModel.swift in Sources */,
			);
			runOnlyForDeploymentPostprocessing = 0;
		};
/* End PBXSourcesBuildPhase section */

/* Begin PBXTargetDependency section */
		D7362739211CF804003F54FC /* PBXTargetDependency */ = {
			isa = PBXTargetDependency;
			target = D75A340C21093428003A4C6D /* HoloDex */;
			targetProxy = D7362738211CF804003F54FC /* PBXContainerItemProxy */;
		};
/* End PBXTargetDependency section */

/* Begin PBXVariantGroup section */
		D75A341921093429003A4C6D /* LaunchScreen.storyboard */ = {
			isa = PBXVariantGroup;
			children = (
				D75A341A21093429003A4C6D /* Base */,
			);
			name = LaunchScreen.storyboard;
			sourceTree = "<group>";
		};
/* End PBXVariantGroup section */

/* Begin XCBuildConfiguration section */
		D736273A211CF804003F54FC /* Debug */ = {
			isa = XCBuildConfiguration;
			buildSettings = {
				BUNDLE_LOADER = "$(TEST_HOST)";
				CODE_SIGN_STYLE = Automatic;
				DEFINES_MODULE = NO;
				DEVELOPMENT_TEAM = J8SLW9YW9U;
				INFOPLIST_FILE = HoloDexUnitTests/Info.plist;
				LD_RUNPATH_SEARCH_PATHS = (
					"$(inherited)",
					"@executable_path/Frameworks",
					"@loader_path/Frameworks",
				);
				PRODUCT_BUNDLE_IDENTIFIER = com.lewisjmorgan.holodex.HoloDexUnitTests;
				PRODUCT_NAME = "$(TARGET_NAME)";
				SWIFT_VERSION = 4.2;
				TARGETED_DEVICE_FAMILY = "1,2";
				TEST_HOST = "$(BUILT_PRODUCTS_DIR)/HoloDex.app/HoloDex";
			};
			name = Debug;
		};
		D736273B211CF804003F54FC /* Release */ = {
			isa = XCBuildConfiguration;
			buildSettings = {
				BUNDLE_LOADER = "$(TEST_HOST)";
				CODE_SIGN_STYLE = Automatic;
				DEVELOPMENT_TEAM = J8SLW9YW9U;
				INFOPLIST_FILE = HoloDexUnitTests/Info.plist;
				LD_RUNPATH_SEARCH_PATHS = (
					"$(inherited)",
					"@executable_path/Frameworks",
					"@loader_path/Frameworks",
				);
				PRODUCT_BUNDLE_IDENTIFIER = com.lewisjmorgan.holodex.HoloDexUnitTests;
				PRODUCT_NAME = "$(TARGET_NAME)";
				SWIFT_VERSION = 4.2;
				TARGETED_DEVICE_FAMILY = "1,2";
				TEST_HOST = "$(BUILT_PRODUCTS_DIR)/HoloDex.app/HoloDex";
			};
			name = Release;
		};
		D75A341D21093429003A4C6D /* Debug */ = {
			isa = XCBuildConfiguration;
			buildSettings = {
				ALWAYS_SEARCH_USER_PATHS = NO;
				CLANG_ANALYZER_NONNULL = YES;
				CLANG_ANALYZER_NUMBER_OBJECT_CONVERSION = YES_AGGRESSIVE;
				CLANG_CXX_LANGUAGE_STANDARD = "gnu++14";
				CLANG_CXX_LIBRARY = "libc++";
				CLANG_ENABLE_MODULES = YES;
				CLANG_ENABLE_OBJC_ARC = YES;
				CLANG_ENABLE_OBJC_WEAK = YES;
				CLANG_WARN_BLOCK_CAPTURE_AUTORELEASING = YES;
				CLANG_WARN_BOOL_CONVERSION = YES;
				CLANG_WARN_COMMA = YES;
				CLANG_WARN_CONSTANT_CONVERSION = YES;
				CLANG_WARN_DEPRECATED_OBJC_IMPLEMENTATIONS = YES;
				CLANG_WARN_DIRECT_OBJC_ISA_USAGE = YES_ERROR;
				CLANG_WARN_DOCUMENTATION_COMMENTS = YES;
				CLANG_WARN_EMPTY_BODY = YES;
				CLANG_WARN_ENUM_CONVERSION = YES;
				CLANG_WARN_INFINITE_RECURSION = YES;
				CLANG_WARN_INT_CONVERSION = YES;
				CLANG_WARN_NON_LITERAL_NULL_CONVERSION = YES;
				CLANG_WARN_OBJC_IMPLICIT_RETAIN_SELF = YES;
				CLANG_WARN_OBJC_LITERAL_CONVERSION = YES;
				CLANG_WARN_OBJC_ROOT_CLASS = YES_ERROR;
				CLANG_WARN_RANGE_LOOP_ANALYSIS = YES;
				CLANG_WARN_STRICT_PROTOTYPES = YES;
				CLANG_WARN_SUSPICIOUS_MOVE = YES;
				CLANG_WARN_UNGUARDED_AVAILABILITY = YES_AGGRESSIVE;
				CLANG_WARN_UNREACHABLE_CODE = YES;
				CLANG_WARN__DUPLICATE_METHOD_MATCH = YES;
				CODE_SIGN_IDENTITY = "iPhone Developer";
				COPY_PHASE_STRIP = NO;
				DEBUG_INFORMATION_FORMAT = dwarf;
				ENABLE_STRICT_OBJC_MSGSEND = YES;
				ENABLE_TESTABILITY = YES;
				GCC_C_LANGUAGE_STANDARD = gnu11;
				GCC_DYNAMIC_NO_PIC = NO;
				GCC_NO_COMMON_BLOCKS = YES;
				GCC_OPTIMIZATION_LEVEL = 0;
				GCC_PREPROCESSOR_DEFINITIONS = (
					"DEBUG=1",
					"$(inherited)",
				);
				GCC_WARN_64_TO_32_BIT_CONVERSION = YES;
				GCC_WARN_ABOUT_RETURN_TYPE = YES_ERROR;
				GCC_WARN_UNDECLARED_SELECTOR = YES;
				GCC_WARN_UNINITIALIZED_AUTOS = YES_AGGRESSIVE;
				GCC_WARN_UNUSED_FUNCTION = YES;
				GCC_WARN_UNUSED_VARIABLE = YES;
				IPHONEOS_DEPLOYMENT_TARGET = 11.4;
				MTL_ENABLE_DEBUG_INFO = YES;
				ONLY_ACTIVE_ARCH = YES;
				SDKROOT = iphoneos;
				SWIFT_ACTIVE_COMPILATION_CONDITIONS = DEBUG;
				SWIFT_OPTIMIZATION_LEVEL = "-Onone";
			};
			name = Debug;
		};
		D75A341E21093429003A4C6D /* Release */ = {
			isa = XCBuildConfiguration;
			buildSettings = {
				ALWAYS_SEARCH_USER_PATHS = NO;
				CLANG_ANALYZER_NONNULL = YES;
				CLANG_ANALYZER_NUMBER_OBJECT_CONVERSION = YES_AGGRESSIVE;
				CLANG_CXX_LANGUAGE_STANDARD = "gnu++14";
				CLANG_CXX_LIBRARY = "libc++";
				CLANG_ENABLE_MODULES = YES;
				CLANG_ENABLE_OBJC_ARC = YES;
				CLANG_ENABLE_OBJC_WEAK = YES;
				CLANG_WARN_BLOCK_CAPTURE_AUTORELEASING = YES;
				CLANG_WARN_BOOL_CONVERSION = YES;
				CLANG_WARN_COMMA = YES;
				CLANG_WARN_CONSTANT_CONVERSION = YES;
				CLANG_WARN_DEPRECATED_OBJC_IMPLEMENTATIONS = YES;
				CLANG_WARN_DIRECT_OBJC_ISA_USAGE = YES_ERROR;
				CLANG_WARN_DOCUMENTATION_COMMENTS = YES;
				CLANG_WARN_EMPTY_BODY = YES;
				CLANG_WARN_ENUM_CONVERSION = YES;
				CLANG_WARN_INFINITE_RECURSION = YES;
				CLANG_WARN_INT_CONVERSION = YES;
				CLANG_WARN_NON_LITERAL_NULL_CONVERSION = YES;
				CLANG_WARN_OBJC_IMPLICIT_RETAIN_SELF = YES;
				CLANG_WARN_OBJC_LITERAL_CONVERSION = YES;
				CLANG_WARN_OBJC_ROOT_CLASS = YES_ERROR;
				CLANG_WARN_RANGE_LOOP_ANALYSIS = YES;
				CLANG_WARN_STRICT_PROTOTYPES = YES;
				CLANG_WARN_SUSPICIOUS_MOVE = YES;
				CLANG_WARN_UNGUARDED_AVAILABILITY = YES_AGGRESSIVE;
				CLANG_WARN_UNREACHABLE_CODE = YES;
				CLANG_WARN__DUPLICATE_METHOD_MATCH = YES;
				CODE_SIGN_IDENTITY = "iPhone Developer";
				COPY_PHASE_STRIP = NO;
				DEBUG_INFORMATION_FORMAT = "dwarf-with-dsym";
				ENABLE_NS_ASSERTIONS = NO;
				ENABLE_STRICT_OBJC_MSGSEND = YES;
				GCC_C_LANGUAGE_STANDARD = gnu11;
				GCC_NO_COMMON_BLOCKS = YES;
				GCC_WARN_64_TO_32_BIT_CONVERSION = YES;
				GCC_WARN_ABOUT_RETURN_TYPE = YES_ERROR;
				GCC_WARN_UNDECLARED_SELECTOR = YES;
				GCC_WARN_UNINITIALIZED_AUTOS = YES_AGGRESSIVE;
				GCC_WARN_UNUSED_FUNCTION = YES;
				GCC_WARN_UNUSED_VARIABLE = YES;
				IPHONEOS_DEPLOYMENT_TARGET = 11.4;
				MTL_ENABLE_DEBUG_INFO = NO;
				SDKROOT = iphoneos;
				SWIFT_COMPILATION_MODE = wholemodule;
				SWIFT_OPTIMIZATION_LEVEL = "-O";
				VALIDATE_PRODUCT = YES;
			};
			name = Release;
		};
		D75A342021093429003A4C6D /* Debug */ = {
			isa = XCBuildConfiguration;
			buildSettings = {
				ASSETCATALOG_COMPILER_APPICON_NAME = AppIcon;
				CODE_SIGN_IDENTITY = "iPhone Developer";
				CODE_SIGN_STYLE = Automatic;
				DEVELOPMENT_TEAM = J8SLW9YW9U;
				FRAMEWORK_SEARCH_PATHS = (
					"$(inherited)",
					"$(PROJECT_DIR)/Carthage/Build/iOS",
				);
				INFOPLIST_FILE = HoloDex/Info.plist;
				IPHONEOS_DEPLOYMENT_TARGET = 12.1;
				LD_RUNPATH_SEARCH_PATHS = (
					"$(inherited)",
					"@executable_path/Frameworks",
				);
				PRODUCT_BUNDLE_IDENTIFIER = io.lewismorgan.HoloDex;
				PRODUCT_NAME = "$(TARGET_NAME)";
				PROVISIONING_PROFILE_SPECIFIER = "";
				SWIFT_VERSION = 4.2;
				TARGETED_DEVICE_FAMILY = "1,2";
			};
			name = Debug;
		};
		D75A342121093429003A4C6D /* Release */ = {
			isa = XCBuildConfiguration;
			buildSettings = {
				ASSETCATALOG_COMPILER_APPICON_NAME = AppIcon;
				CODE_SIGN_IDENTITY = "iPhone Developer";
				CODE_SIGN_STYLE = Automatic;
				DEVELOPMENT_TEAM = J8SLW9YW9U;
				FRAMEWORK_SEARCH_PATHS = (
					"$(inherited)",
					"$(PROJECT_DIR)/Carthage/Build/iOS",
				);
				INFOPLIST_FILE = HoloDex/Info.plist;
				IPHONEOS_DEPLOYMENT_TARGET = 12.1;
				LD_RUNPATH_SEARCH_PATHS = (
					"$(inherited)",
					"@executable_path/Frameworks",
				);
				PRODUCT_BUNDLE_IDENTIFIER = io.lewismorgan.HoloDex;
				PRODUCT_NAME = "$(TARGET_NAME)";
				PROVISIONING_PROFILE_SPECIFIER = "";
				SWIFT_VERSION = 4.2;
				TARGETED_DEVICE_FAMILY = "1,2";
			};
			name = Release;
		};
/* End XCBuildConfiguration section */

/* Begin XCConfigurationList section */
		D736273C211CF804003F54FC /* Build configuration list for PBXNativeTarget "HoloDexUnitTests" */ = {
			isa = XCConfigurationList;
			buildConfigurations = (
				D736273A211CF804003F54FC /* Debug */,
				D736273B211CF804003F54FC /* Release */,
			);
			defaultConfigurationIsVisible = 0;
			defaultConfigurationName = Release;
		};
		D75A340821093428003A4C6D /* Build configuration list for PBXProject "HoloDex" */ = {
			isa = XCConfigurationList;
			buildConfigurations = (
				D75A341D21093429003A4C6D /* Debug */,
				D75A341E21093429003A4C6D /* Release */,
			);
			defaultConfigurationIsVisible = 0;
			defaultConfigurationName = Release;
		};
		D75A341F21093429003A4C6D /* Build configuration list for PBXNativeTarget "HoloDex" */ = {
			isa = XCConfigurationList;
			buildConfigurations = (
				D75A342021093429003A4C6D /* Debug */,
				D75A342121093429003A4C6D /* Release */,
			);
			defaultConfigurationIsVisible = 0;
			defaultConfigurationName = Release;
		};
/* End XCConfigurationList section */
	};
	rootObject = D75A340521093428003A4C6D /* Project object */;
}
