// !$*UTF8*$!
{
	archiveVersion = 1;
	classes = {
	};
	objectVersion = 51;
	objects = {

/* Begin PBXBuildFile section */
		D724D3E922176E0500383887 /* People.framework in Frameworks */ = {isa = PBXBuildFile; fileRef = D724D3E722176DEE00383887 /* People.framework */; };
		D724D3EA22176E0500383887 /* People.framework in Embed Frameworks */ = {isa = PBXBuildFile; fileRef = D724D3E722176DEE00383887 /* People.framework */; settings = {ATTRIBUTES = (CodeSignOnCopy, RemoveHeadersOnCopy, ); }; };
		D724D3EB22176E0500383887 /* Networking.framework in Frameworks */ = {isa = PBXBuildFile; fileRef = D724D3E822176DEE00383887 /* Networking.framework */; };
		D724D3EC22176E0500383887 /* Networking.framework in Embed Frameworks */ = {isa = PBXBuildFile; fileRef = D724D3E822176DEE00383887 /* Networking.framework */; settings = {ATTRIBUTES = (CodeSignOnCopy, RemoveHeadersOnCopy, ); }; };
		D74CE5002220A435000CB7AD /* HoloDex+UITableViewController.swift in Sources */ = {isa = PBXBuildFile; fileRef = D74CE4FF2220A435000CB7AD /* HoloDex+UITableViewController.swift */; };
		D74CE5042220AD3C000CB7AD /* PersonListStoryboard.storyboard in Resources */ = {isa = PBXBuildFile; fileRef = D74CE5032220AD3C000CB7AD /* PersonListStoryboard.storyboard */; };
		D750042D220E350F0098FCA5 /* Action.framework in Frameworks */ = {isa = PBXBuildFile; fileRef = D750042C220E350F0098FCA5 /* Action.framework */; };
		D75A341121093428003A4C6D /* AppDelegate.swift in Sources */ = {isa = PBXBuildFile; fileRef = D75A341021093428003A4C6D /* AppDelegate.swift */; };
		D75A341821093429003A4C6D /* Assets.xcassets in Resources */ = {isa = PBXBuildFile; fileRef = D75A341721093429003A4C6D /* Assets.xcassets */; };
		D75A341B21093429003A4C6D /* LaunchScreen.storyboard in Resources */ = {isa = PBXBuildFile; fileRef = D75A341921093429003A4C6D /* LaunchScreen.storyboard */; };
		D766BA2621FBDDE2007A2ED2 /* AppCoordinator.swift in Sources */ = {isa = PBXBuildFile; fileRef = D766BA2521FBDDE2007A2ED2 /* AppCoordinator.swift */; };
		D766BA2821FBDE66007A2ED2 /* AppRoute.swift in Sources */ = {isa = PBXBuildFile; fileRef = D766BA2721FBDE66007A2ED2 /* AppRoute.swift */; };
		D77DC9D9220E3FFC0003453C /* PersonListViewModelImpl.swift in Sources */ = {isa = PBXBuildFile; fileRef = D77DC9D8220E3FFC0003453C /* PersonListViewModelImpl.swift */; };
		D77DC9DC220E441F0003453C /* ViewModelBinding.swift in Sources */ = {isa = PBXBuildFile; fileRef = D77DC9DB220E441F0003453C /* ViewModelBinding.swift */; };
		D77DC9DE220E44660003453C /* UIViewController+ViewModelBinding.swift in Sources */ = {isa = PBXBuildFile; fileRef = D77DC9DD220E44660003453C /* UIViewController+ViewModelBinding.swift */; };
		D78B1D56221623B700253FDB /* RxAlamofire.framework in Frameworks */ = {isa = PBXBuildFile; fileRef = D78B1D55221623B700253FDB /* RxAlamofire.framework */; };
		D78C536D2218879000D5B56F /* PersonDetailViewModel.swift in Sources */ = {isa = PBXBuildFile; fileRef = D78C536C2218879000D5B56F /* PersonDetailViewModel.swift */; };
		D78C536F22188DB800D5B56F /* PersonDetailViewModelImpl.swift in Sources */ = {isa = PBXBuildFile; fileRef = D78C536E22188DB800D5B56F /* PersonDetailViewModelImpl.swift */; };
		D78C53712218917700D5B56F /* PersonDetailView.xib in Resources */ = {isa = PBXBuildFile; fileRef = D78C53702218917700D5B56F /* PersonDetailView.xib */; };
		D78C53732218919F00D5B56F /* PersonDetailViewController.swift in Sources */ = {isa = PBXBuildFile; fileRef = D78C53722218919F00D5B56F /* PersonDetailViewController.swift */; };
		D7A1D762220E31BF00286709 /* PersonListViewModel.swift in Sources */ = {isa = PBXBuildFile; fileRef = D7A1D761220E31BF00286709 /* PersonListViewModel.swift */; };
		D7ADA35F220E57A50057546B /* RxDataSources.framework in Frameworks */ = {isa = PBXBuildFile; fileRef = D7ADA35E220E57A50057546B /* RxDataSources.framework */; };
		D7ADA361220E596C0057546B /* Differentiator.framework in Frameworks */ = {isa = PBXBuildFile; fileRef = D7ADA360220E596C0057546B /* Differentiator.framework */; };
		D7ADED3922221AA50027CE4F /* HoloDex+UIColor.swift in Sources */ = {isa = PBXBuildFile; fileRef = D7ADED3822221AA50027CE4F /* HoloDex+UIColor.swift */; };
		D7ADED3E22221F750027CE4F /* HoloDex+UIImage.swift in Sources */ = {isa = PBXBuildFile; fileRef = D7ADED3D22221F750027CE4F /* HoloDex+UIImage.swift */; };
		D7ADED4022221FDE0027CE4F /* HoloDex+UIFont.swift in Sources */ = {isa = PBXBuildFile; fileRef = D7ADED3F22221FDE0027CE4F /* HoloDex+UIFont.swift */; };
		D7ADED42222221B30027CE4F /* Glyph.swift in Sources */ = {isa = PBXBuildFile; fileRef = D7ADED41222221B30027CE4F /* Glyph.swift */; };
		D7ADED45222226560027CE4F /* holodex-glyph.ttf in Resources */ = {isa = PBXBuildFile; fileRef = D7ADED44222226560027CE4F /* holodex-glyph.ttf */; };
		D7BA267522037CA6007E88AD /* XCoordinator.framework in Frameworks */ = {isa = PBXBuildFile; fileRef = D7BA266D22037CA5007E88AD /* XCoordinator.framework */; };
		D7BA267622037CA6007E88AD /* RxCocoa.framework in Frameworks */ = {isa = PBXBuildFile; fileRef = D7BA266E22037CA5007E88AD /* RxCocoa.framework */; };
		D7BA267722037CA6007E88AD /* ObjectMapper.framework in Frameworks */ = {isa = PBXBuildFile; fileRef = D7BA266F22037CA5007E88AD /* ObjectMapper.framework */; };
		D7BA267822037CA6007E88AD /* Alamofire.framework in Frameworks */ = {isa = PBXBuildFile; fileRef = D7BA267022037CA5007E88AD /* Alamofire.framework */; };
		D7BA267B22037CA6007E88AD /* RxSwift.framework in Frameworks */ = {isa = PBXBuildFile; fileRef = D7BA267322037CA5007E88AD /* RxSwift.framework */; };
		D7BA26992203837B007E88AD /* RxAtomic.framework in Frameworks */ = {isa = PBXBuildFile; fileRef = D7BA26982203837B007E88AD /* RxAtomic.framework */; };
		D7C73F44221B57600048923A /* HoloDexContainerFactory.swift in Sources */ = {isa = PBXBuildFile; fileRef = D7C73F43221B57600048923A /* HoloDexContainerFactory.swift */; };
		D7C73F47221B6FCD0048923A /* PersonCellView.xib in Resources */ = {isa = PBXBuildFile; fileRef = D7C73F46221B6FCD0048923A /* PersonCellView.xib */; };
		D7C73F49221B71A30048923A /* PersonCell.swift in Sources */ = {isa = PBXBuildFile; fileRef = D7C73F48221B71A30048923A /* PersonCell.swift */; };
		D7C857D521FFACBF00DA33A0 /* PeopleListCoordinator.swift in Sources */ = {isa = PBXBuildFile; fileRef = D7C857D421FFACBF00DA33A0 /* PeopleListCoordinator.swift */; };
		D7FE7515210955C500DE1E28 /* PersonListViewController.swift in Sources */ = {isa = PBXBuildFile; fileRef = D7FE7514210955C500DE1E28 /* PersonListViewController.swift */; };
/* End PBXBuildFile section */

/* Begin PBXContainerItemProxy section */
		D7362738211CF804003F54FC /* PBXContainerItemProxy */ = {
			isa = PBXContainerItemProxy;
			containerPortal = D75A340521093428003A4C6D /* Project object */;
			proxyType = 1;
			remoteGlobalIDString = D75A340C21093428003A4C6D;
			remoteInfo = HoloDex;
		};
/* End PBXContainerItemProxy section */

/* Begin PBXCopyFilesBuildPhase section */
		D724D3DE22176CCD00383887 /* Embed Frameworks */ = {
			isa = PBXCopyFilesBuildPhase;
			buildActionMask = 2147483647;
			dstPath = "";
			dstSubfolderSpec = 10;
			files = (
				D724D3EC22176E0500383887 /* Networking.framework in Embed Frameworks */,
				D724D3EA22176E0500383887 /* People.framework in Embed Frameworks */,
			);
			name = "Embed Frameworks";
			runOnlyForDeploymentPostprocessing = 0;
		};
/* End PBXCopyFilesBuildPhase section */

/* Begin PBXFileReference section */
		D724D3E722176DEE00383887 /* People.framework */ = {isa = PBXFileReference; lastKnownFileType = wrapper.framework; path = People.framework; sourceTree = BUILT_PRODUCTS_DIR; };
		D724D3E822176DEE00383887 /* Networking.framework */ = {isa = PBXFileReference; lastKnownFileType = wrapper.framework; path = Networking.framework; sourceTree = BUILT_PRODUCTS_DIR; };
		D7362733211CF804003F54FC /* HoloDexUnitTests.xctest */ = {isa = PBXFileReference; explicitFileType = wrapper.cfbundle; includeInIndex = 0; path = HoloDexUnitTests.xctest; sourceTree = BUILT_PRODUCTS_DIR; };
		D7362737211CF804003F54FC /* Info.plist */ = {isa = PBXFileReference; lastKnownFileType = text.plist.xml; path = Info.plist; sourceTree = "<group>"; };
		D74CE4FC22207F8F000CB7AD /* SwiftIconFont.framework */ = {isa = PBXFileReference; lastKnownFileType = wrapper.framework; name = SwiftIconFont.framework; path = Carthage/Build/iOS/SwiftIconFont.framework; sourceTree = "<group>"; };
		D74CE4FF2220A435000CB7AD /* HoloDex+UITableViewController.swift */ = {isa = PBXFileReference; lastKnownFileType = sourcecode.swift; path = "HoloDex+UITableViewController.swift"; sourceTree = "<group>"; };
		D74CE5032220AD3C000CB7AD /* PersonListStoryboard.storyboard */ = {isa = PBXFileReference; lastKnownFileType = file.storyboard; path = PersonListStoryboard.storyboard; sourceTree = "<group>"; };
		D750042C220E350F0098FCA5 /* Action.framework */ = {isa = PBXFileReference; lastKnownFileType = wrapper.framework; name = Action.framework; path = Carthage/Build/iOS/Action.framework; sourceTree = "<group>"; };
		D75A340D21093428003A4C6D /* HoloDex.app */ = {isa = PBXFileReference; explicitFileType = wrapper.application; includeInIndex = 0; path = HoloDex.app; sourceTree = BUILT_PRODUCTS_DIR; };
		D75A341021093428003A4C6D /* AppDelegate.swift */ = {isa = PBXFileReference; lastKnownFileType = sourcecode.swift; path = AppDelegate.swift; sourceTree = "<group>"; };
		D75A341721093429003A4C6D /* Assets.xcassets */ = {isa = PBXFileReference; lastKnownFileType = folder.assetcatalog; path = Assets.xcassets; sourceTree = "<group>"; };
		D75A341A21093429003A4C6D /* Base */ = {isa = PBXFileReference; lastKnownFileType = file.storyboard; name = Base; path = Base.lproj/LaunchScreen.storyboard; sourceTree = "<group>"; };
		D75A341C21093429003A4C6D /* Info.plist */ = {isa = PBXFileReference; lastKnownFileType = text.plist.xml; path = Info.plist; sourceTree = "<group>"; };
		D766BA2521FBDDE2007A2ED2 /* AppCoordinator.swift */ = {isa = PBXFileReference; lastKnownFileType = sourcecode.swift; path = AppCoordinator.swift; sourceTree = "<group>"; };
		D766BA2721FBDE66007A2ED2 /* AppRoute.swift */ = {isa = PBXFileReference; lastKnownFileType = sourcecode.swift; path = AppRoute.swift; sourceTree = "<group>"; };
		D77DC9D8220E3FFC0003453C /* PersonListViewModelImpl.swift */ = {isa = PBXFileReference; lastKnownFileType = sourcecode.swift; path = PersonListViewModelImpl.swift; sourceTree = "<group>"; };
		D77DC9DB220E441F0003453C /* ViewModelBinding.swift */ = {isa = PBXFileReference; lastKnownFileType = sourcecode.swift; path = ViewModelBinding.swift; sourceTree = "<group>"; };
		D77DC9DD220E44660003453C /* UIViewController+ViewModelBinding.swift */ = {isa = PBXFileReference; lastKnownFileType = sourcecode.swift; path = "UIViewController+ViewModelBinding.swift"; sourceTree = "<group>"; };
		D78B1D55221623B700253FDB /* RxAlamofire.framework */ = {isa = PBXFileReference; lastKnownFileType = wrapper.framework; name = RxAlamofire.framework; path = Carthage/Build/iOS/RxAlamofire.framework; sourceTree = "<group>"; };
		D78C536C2218879000D5B56F /* PersonDetailViewModel.swift */ = {isa = PBXFileReference; lastKnownFileType = sourcecode.swift; path = PersonDetailViewModel.swift; sourceTree = "<group>"; };
		D78C536E22188DB800D5B56F /* PersonDetailViewModelImpl.swift */ = {isa = PBXFileReference; lastKnownFileType = sourcecode.swift; path = PersonDetailViewModelImpl.swift; sourceTree = "<group>"; };
		D78C53702218917700D5B56F /* PersonDetailView.xib */ = {isa = PBXFileReference; lastKnownFileType = file.xib; path = PersonDetailView.xib; sourceTree = "<group>"; };
		D78C53722218919F00D5B56F /* PersonDetailViewController.swift */ = {isa = PBXFileReference; lastKnownFileType = sourcecode.swift; path = PersonDetailViewController.swift; sourceTree = "<group>"; };
		D7A1D761220E31BF00286709 /* PersonListViewModel.swift */ = {isa = PBXFileReference; lastKnownFileType = sourcecode.swift; path = PersonListViewModel.swift; sourceTree = "<group>"; };
		D7ADA35E220E57A50057546B /* RxDataSources.framework */ = {isa = PBXFileReference; lastKnownFileType = wrapper.framework; name = RxDataSources.framework; path = Carthage/Build/iOS/RxDataSources.framework; sourceTree = "<group>"; };
		D7ADA360220E596C0057546B /* Differentiator.framework */ = {isa = PBXFileReference; lastKnownFileType = wrapper.framework; name = Differentiator.framework; path = Carthage/Build/iOS/Differentiator.framework; sourceTree = "<group>"; };
		D7ADED3822221AA50027CE4F /* HoloDex+UIColor.swift */ = {isa = PBXFileReference; lastKnownFileType = sourcecode.swift; path = "HoloDex+UIColor.swift"; sourceTree = "<group>"; };
		D7ADED3D22221F750027CE4F /* HoloDex+UIImage.swift */ = {isa = PBXFileReference; lastKnownFileType = sourcecode.swift; path = "HoloDex+UIImage.swift"; sourceTree = "<group>"; };
		D7ADED3F22221FDE0027CE4F /* HoloDex+UIFont.swift */ = {isa = PBXFileReference; lastKnownFileType = sourcecode.swift; path = "HoloDex+UIFont.swift"; sourceTree = "<group>"; };
		D7ADED41222221B30027CE4F /* Glyph.swift */ = {isa = PBXFileReference; lastKnownFileType = sourcecode.swift; path = Glyph.swift; sourceTree = "<group>"; };
		D7ADED44222226560027CE4F /* holodex-glyph.ttf */ = {isa = PBXFileReference; lastKnownFileType = file; path = "holodex-glyph.ttf"; sourceTree = "<group>"; };
		D7BA266D22037CA5007E88AD /* XCoordinator.framework */ = {isa = PBXFileReference; lastKnownFileType = wrapper.framework; name = XCoordinator.framework; path = Carthage/Build/iOS/XCoordinator.framework; sourceTree = "<group>"; };
		D7BA266E22037CA5007E88AD /* RxCocoa.framework */ = {isa = PBXFileReference; lastKnownFileType = wrapper.framework; name = RxCocoa.framework; path = Carthage/Build/iOS/RxCocoa.framework; sourceTree = "<group>"; };
		D7BA266F22037CA5007E88AD /* ObjectMapper.framework */ = {isa = PBXFileReference; lastKnownFileType = wrapper.framework; name = ObjectMapper.framework; path = Carthage/Build/iOS/ObjectMapper.framework; sourceTree = "<group>"; };
		D7BA267022037CA5007E88AD /* Alamofire.framework */ = {isa = PBXFileReference; lastKnownFileType = wrapper.framework; name = Alamofire.framework; path = Carthage/Build/iOS/Alamofire.framework; sourceTree = "<group>"; };
		D7BA267322037CA5007E88AD /* RxSwift.framework */ = {isa = PBXFileReference; lastKnownFileType = wrapper.framework; name = RxSwift.framework; path = Carthage/Build/iOS/RxSwift.framework; sourceTree = "<group>"; };
		D7BA26982203837B007E88AD /* RxAtomic.framework */ = {isa = PBXFileReference; lastKnownFileType = wrapper.framework; name = RxAtomic.framework; path = Carthage/Build/iOS/RxAtomic.framework; sourceTree = "<group>"; };
		D7C73F43221B57600048923A /* HoloDexContainerFactory.swift */ = {isa = PBXFileReference; lastKnownFileType = sourcecode.swift; path = HoloDexContainerFactory.swift; sourceTree = "<group>"; };
		D7C73F46221B6FCD0048923A /* PersonCellView.xib */ = {isa = PBXFileReference; lastKnownFileType = file.xib; path = PersonCellView.xib; sourceTree = "<group>"; };
		D7C73F48221B71A30048923A /* PersonCell.swift */ = {isa = PBXFileReference; lastKnownFileType = sourcecode.swift; path = PersonCell.swift; sourceTree = "<group>"; };
		D7C857D421FFACBF00DA33A0 /* PeopleListCoordinator.swift */ = {isa = PBXFileReference; lastKnownFileType = sourcecode.swift; path = PeopleListCoordinator.swift; sourceTree = "<group>"; };
		D7FE7514210955C500DE1E28 /* PersonListViewController.swift */ = {isa = PBXFileReference; lastKnownFileType = sourcecode.swift; path = PersonListViewController.swift; sourceTree = "<group>"; };
/* End PBXFileReference section */

/* Begin PBXFrameworksBuildPhase section */
		D7362730211CF804003F54FC /* Frameworks */ = {
			isa = PBXFrameworksBuildPhase;
			buildActionMask = 2147483647;
			files = (
			);
			runOnlyForDeploymentPostprocessing = 0;
		};
		D75A340A21093428003A4C6D /* Frameworks */ = {
			isa = PBXFrameworksBuildPhase;
			buildActionMask = 2147483647;
			files = (
				D78B1D56221623B700253FDB /* RxAlamofire.framework in Frameworks */,
				D724D3E922176E0500383887 /* People.framework in Frameworks */,
				D7ADA361220E596C0057546B /* Differentiator.framework in Frameworks */,
				D7ADA35F220E57A50057546B /* RxDataSources.framework in Frameworks */,
				D750042D220E350F0098FCA5 /* Action.framework in Frameworks */,
				D7BA267B22037CA6007E88AD /* RxSwift.framework in Frameworks */,
				D7BA267722037CA6007E88AD /* ObjectMapper.framework in Frameworks */,
				D7BA267522037CA6007E88AD /* XCoordinator.framework in Frameworks */,
				D724D3EB22176E0500383887 /* Networking.framework in Frameworks */,
				D7BA26992203837B007E88AD /* RxAtomic.framework in Frameworks */,
				D7BA267822037CA6007E88AD /* Alamofire.framework in Frameworks */,
				D7BA267622037CA6007E88AD /* RxCocoa.framework in Frameworks */,
			);
			runOnlyForDeploymentPostprocessing = 0;
		};
/* End PBXFrameworksBuildPhase section */

/* Begin PBXGroup section */
		D70C54A0211CEBCD00106D73 /* Base */ = {
			isa = PBXGroup;
			children = (
				D75A341021093428003A4C6D /* AppDelegate.swift */,
				D7C73F43221B57600048923A /* HoloDexContainerFactory.swift */,
				D75A341921093429003A4C6D /* LaunchScreen.storyboard */,
			);
			path = Base;
			sourceTree = "<group>";
		};
		D7362734211CF804003F54FC /* HoloDexUnitTests */ = {
			isa = PBXGroup;
			children = (
				D7362737211CF804003F54FC /* Info.plist */,
			);
			path = HoloDexUnitTests;
			sourceTree = "<group>";
		};
		D74CE4FE2220A419000CB7AD /* Extensions */ = {
			isa = PBXGroup;
			children = (
				D74CE4FF2220A435000CB7AD /* HoloDex+UITableViewController.swift */,
				D7ADED3822221AA50027CE4F /* HoloDex+UIColor.swift */,
				D7ADED3D22221F750027CE4F /* HoloDex+UIImage.swift */,
				D7ADED3F22221FDE0027CE4F /* HoloDex+UIFont.swift */,
			);
			path = Extensions;
			sourceTree = "<group>";
		};
		D75A340421093428003A4C6D = {
			isa = PBXGroup;
			children = (
				D75A340F21093428003A4C6D /* HoloDex */,
				D7362734211CF804003F54FC /* HoloDexUnitTests */,
				D75A340E21093428003A4C6D /* Products */,
				F019FED0A88DF487CE749D40 /* Frameworks */,
			);
			sourceTree = "<group>";
		};
		D75A340E21093428003A4C6D /* Products */ = {
			isa = PBXGroup;
			children = (
				D75A340D21093428003A4C6D /* HoloDex.app */,
				D7362733211CF804003F54FC /* HoloDexUnitTests.xctest */,
			);
			name = Products;
			sourceTree = "<group>";
		};
		D75A340F21093428003A4C6D /* HoloDex */ = {
			isa = PBXGroup;
			children = (
				D70C54A0211CEBCD00106D73 /* Base */,
				D77DC9DA220E43FD0003453C /* Binding */,
				D766BA2421FBDDC3007A2ED2 /* Coordinators */,
				D74CE4FE2220A419000CB7AD /* Extensions */,
				D7A1D760220E308800286709 /* Features */,
				D7ADED432222249B0027CE4F /* Fonts */,
				D75A341721093429003A4C6D /* Assets.xcassets */,
				D75A341C21093429003A4C6D /* Info.plist */,
			);
			path = HoloDex;
			sourceTree = "<group>";
		};
		D766BA2421FBDDC3007A2ED2 /* Coordinators */ = {
			isa = PBXGroup;
			children = (
				D766BA2521FBDDE2007A2ED2 /* AppCoordinator.swift */,
				D766BA2721FBDE66007A2ED2 /* AppRoute.swift */,
				D7C857D421FFACBF00DA33A0 /* PeopleListCoordinator.swift */,
			);
			path = Coordinators;
			sourceTree = "<group>";
		};
		D77DC9DA220E43FD0003453C /* Binding */ = {
			isa = PBXGroup;
			children = (
				D77DC9DB220E441F0003453C /* ViewModelBinding.swift */,
				D77DC9DD220E44660003453C /* UIViewController+ViewModelBinding.swift */,
			);
			path = Binding;
			sourceTree = "<group>";
		};
		D7A1D760220E308800286709 /* Features */ = {
			isa = PBXGroup;
			children = (
				D7DD0A2D210AAE290072A896 /* People */,
			);
			path = Features;
			sourceTree = "<group>";
		};
		D7ADED432222249B0027CE4F /* Fonts */ = {
			isa = PBXGroup;
			children = (
				D7ADED41222221B30027CE4F /* Glyph.swift */,
				D7ADED44222226560027CE4F /* holodex-glyph.ttf */,
			);
			path = Fonts;
			sourceTree = "<group>";
		};
		D7C73F45221B6B330048923A /* Views */ = {
			isa = PBXGroup;
			children = (
				D78C53702218917700D5B56F /* PersonDetailView.xib */,
				D7C73F46221B6FCD0048923A /* PersonCellView.xib */,
				D74CE5032220AD3C000CB7AD /* PersonListStoryboard.storyboard */,
			);
			path = Views;
			sourceTree = "<group>";
		};
		D7DD0A2D210AAE290072A896 /* People */ = {
			isa = PBXGroup;
			children = (
				D7FFC2FE2218B50500292BE8 /* Models */,
				D7C73F45221B6B330048923A /* Views */,
				D7FFC2FF2218B55900292BE8 /* Controllers */,
			);
			path = People;
			sourceTree = "<group>";
		};
		D7FFC2FE2218B50500292BE8 /* Models */ = {
			isa = PBXGroup;
			children = (
				D7A1D761220E31BF00286709 /* PersonListViewModel.swift */,
				D77DC9D8220E3FFC0003453C /* PersonListViewModelImpl.swift */,
				D78C536C2218879000D5B56F /* PersonDetailViewModel.swift */,
				D78C536E22188DB800D5B56F /* PersonDetailViewModelImpl.swift */,
			);
			path = Models;
			sourceTree = "<group>";
		};
		D7FFC2FF2218B55900292BE8 /* Controllers */ = {
			isa = PBXGroup;
			children = (
				D7C73F48221B71A30048923A /* PersonCell.swift */,
				D7FE7514210955C500DE1E28 /* PersonListViewController.swift */,
				D78C53722218919F00D5B56F /* PersonDetailViewController.swift */,
			);
			path = Controllers;
			sourceTree = "<group>";
		};
		F019FED0A88DF487CE749D40 /* Frameworks */ = {
			isa = PBXGroup;
			children = (
				D74CE4FC22207F8F000CB7AD /* SwiftIconFont.framework */,
				D724D3E722176DEE00383887 /* People.framework */,
				D724D3E822176DEE00383887 /* Networking.framework */,
				D78B1D55221623B700253FDB /* RxAlamofire.framework */,
				D7ADA360220E596C0057546B /* Differentiator.framework */,
				D7ADA35E220E57A50057546B /* RxDataSources.framework */,
				D750042C220E350F0098FCA5 /* Action.framework */,
				D7BA26982203837B007E88AD /* RxAtomic.framework */,
				D7BA267022037CA5007E88AD /* Alamofire.framework */,
				D7BA266F22037CA5007E88AD /* ObjectMapper.framework */,
				D7BA266E22037CA5007E88AD /* RxCocoa.framework */,
				D7BA267322037CA5007E88AD /* RxSwift.framework */,
				D7BA266D22037CA5007E88AD /* XCoordinator.framework */,
			);
			name = Frameworks;
			sourceTree = "<group>";
		};
/* End PBXGroup section */

/* Begin PBXNativeTarget section */
		D7362732211CF804003F54FC /* HoloDexUnitTests */ = {
			isa = PBXNativeTarget;
			buildConfigurationList = D736273C211CF804003F54FC /* Build configuration list for PBXNativeTarget "HoloDexUnitTests" */;
			buildPhases = (
				D736272F211CF804003F54FC /* Sources */,
				D7362730211CF804003F54FC /* Frameworks */,
				D7362731211CF804003F54FC /* Resources */,
			);
			buildRules = (
			);
			dependencies = (
				D7362739211CF804003F54FC /* PBXTargetDependency */,
			);
			name = HoloDexUnitTests;
			productName = HoloDexUnitTests;
			productReference = D7362733211CF804003F54FC /* HoloDexUnitTests.xctest */;
			productType = "com.apple.product-type.bundle.unit-test";
		};
		D75A340C21093428003A4C6D /* HoloDex */ = {
			isa = PBXNativeTarget;
			buildConfigurationList = D75A341F21093429003A4C6D /* Build configuration list for PBXNativeTarget "HoloDex" */;
			buildPhases = (
				D72D3FFA210943E50095BEE0 /* [ SwiftLint ] */,
				D75A340921093428003A4C6D /* Sources */,
				D75A340A21093428003A4C6D /* Frameworks */,
				D75A340B21093428003A4C6D /* Resources */,
				D7BA267C22037CE8007E88AD /* [ Carthage - Copy Frameworks ] */,
				D724D3DE22176CCD00383887 /* Embed Frameworks */,
			);
			buildRules = (
			);
			dependencies = (
			);
			name = HoloDex;
			productName = HoloDex;
			productReference = D75A340D21093428003A4C6D /* HoloDex.app */;
			productType = "com.apple.product-type.application";
		};
/* End PBXNativeTarget section */

/* Begin PBXProject section */
		D75A340521093428003A4C6D /* Project object */ = {
			isa = PBXProject;
			attributes = {
				LastSwiftUpdateCheck = 0940;
				LastUpgradeCheck = 0940;
				ORGANIZATIONNAME = "Lewis J Morgan";
				TargetAttributes = {
					D7362732211CF804003F54FC = {
						CreatedOnToolsVersion = 9.4.1;
						TestTargetID = D75A340C21093428003A4C6D;
					};
					D75A340C21093428003A4C6D = {
						CreatedOnToolsVersion = 9.4.1;
						LastSwiftMigration = 1010;
					};
				};
			};
			buildConfigurationList = D75A340821093428003A4C6D /* Build configuration list for PBXProject "HoloDex" */;
			compatibilityVersion = "Xcode 10.0";
			developmentRegion = en;
			hasScannedForEncodings = 0;
			knownRegions = (
				en,
				Base,
			);
			mainGroup = D75A340421093428003A4C6D;
			productRefGroup = D75A340E21093428003A4C6D /* Products */;
			projectDirPath = "";
			projectRoot = "";
			targets = (
				D75A340C21093428003A4C6D /* HoloDex */,
				D7362732211CF804003F54FC /* HoloDexUnitTests */,
			);
		};
/* End PBXProject section */

/* Begin PBXResourcesBuildPhase section */
		D7362731211CF804003F54FC /* Resources */ = {
			isa = PBXResourcesBuildPhase;
			buildActionMask = 2147483647;
			files = (
			);
			runOnlyForDeploymentPostprocessing = 0;
		};
		D75A340B21093428003A4C6D /* Resources */ = {
			isa = PBXResourcesBuildPhase;
			buildActionMask = 2147483647;
			files = (
				D75A341B21093429003A4C6D /* LaunchScreen.storyboard in Resources */,
				D75A341821093429003A4C6D /* Assets.xcassets in Resources */,
				D74CE5042220AD3C000CB7AD /* PersonListStoryboard.storyboard in Resources */,
				D7C73F47221B6FCD0048923A /* PersonCellView.xib in Resources */,
				D78C53712218917700D5B56F /* PersonDetailView.xib in Resources */,
				D7ADED45222226560027CE4F /* holodex-glyph.ttf in Resources */,
			);
			runOnlyForDeploymentPostprocessing = 0;
		};
/* End PBXResourcesBuildPhase section */

/* Begin PBXShellScriptBuildPhase section */
		D72D3FFA210943E50095BEE0 /* [ SwiftLint ] */ = {
			isa = PBXShellScriptBuildPhase;
			buildActionMask = 2147483647;
			files = (
			);
			inputPaths = (
			);
			name = "[ SwiftLint ]";
			outputPaths = (
			);
			runOnlyForDeploymentPostprocessing = 0;
			shellPath = /bin/sh;
			shellScript = "if which swiftlint >/dev/null; then\nswiftlint\nelse\necho \"warning: SwiftLint not installed, download from https://github.com/realm/SwiftLint\"\nfi\n";
		};
		D7BA267C22037CE8007E88AD /* [ Carthage - Copy Frameworks ] */ = {
			isa = PBXShellScriptBuildPhase;
			buildActionMask = 2147483647;
			files = (
			);
			inputFileListPaths = (
			);
			inputPaths = (
				"$(SRCROOT)/Carthage/Build/iOS/Alamofire.framework",
				"$(SRCROOT)/Carthage/Build/iOS/RxAlamofire.framework",
				"$(SRCROOT)/Carthage/Build/iOS/ObjectMapper.framework",
				"$(SRCROOT)/Carthage/Build/iOS/RxCocoa.framework",
				"$(SRCROOT)/Carthage/Build/iOS/XCoordinator.framework",
				"$(SRCROOT)/Carthage/Build/iOS/RxSwift.framework",
				"$(SRCROOT)/Carthage/Build/iOS/RxAtomic.framework",
				"$(SRCROOT)/Carthage/Build/iOS/Action.framework",
				"$(SRCROOT)/Carthage/Build/iOS/RxDataSources.framework",
				"$(SRCROOT)/Carthage/Build/iOS/Differentiator.framework",
				"$(SRCROOT)/Carthage/Build/iOS/Swinject.framework",
			);
			name = "[ Carthage - Copy Frameworks ]";
			outputFileListPaths = (
			);
			outputPaths = (
				"$(BUILT_PRODUCTS_DIR)/$(FRAMEWORKS_FOLDER_PATH)/Alamofire.framework",
				"$(BUILT_PRODUCTS_DIR)/$(FRAMEWORKS_FOLDER_PATH)/RxAlamofire.framework",
				"$(BUILT_PRODUCTS_DIR)/$(FRAMEWORKS_FOLDER_PATH)/ObjectMapper.framework",
				"$(BUILT_PRODUCTS_DIR)/$(FRAMEWORKS_FOLDER_PATH)/RxCocoa.framework",
				"$(BUILT_PRODUCTS_DIR)/$(FRAMEWORKS_FOLDER_PATH)/RxSwift.framework",
				"$(BUILT_PRODUCTS_DIR)/$(FRAMEWORKS_FOLDER_PATH)/XCoordinator.framework",
				"$(BUILT_PRODUCTS_DIR)/$(FRAMEWORKS_FOLDER_PATH)/RxAtomic.framework",
				"$(BUILT_PRODUCTS_DIR)/$(FRAMEWORKS_FOLDER_PATH)/Action.framework",
				"$(BUILT_PRODUCTS_DIR)/$(FRAMEWORKS_FOLDER_PATH)/RxDataSources.framework",
				"$(BUILT_PRODUCTS_DIR)/$(FRAMEWORKS_FOLDER_PATH)/Differentiator.framework",
				"$(BUILT_PRODUCTS_DIR)/$(FRAMEWORKS_FOLDER_PATH)/Swinject.framework",
			);
			runOnlyForDeploymentPostprocessing = 0;
			shellPath = /bin/sh;
			shellScript = "/usr/local/bin/carthage copy-frameworks\n";
		};
/* End PBXShellScriptBuildPhase section */

/* Begin PBXSourcesBuildPhase section */
		D736272F211CF804003F54FC /* Sources */ = {
			isa = PBXSourcesBuildPhase;
			buildActionMask = 2147483647;
			files = (
			);
			runOnlyForDeploymentPostprocessing = 0;
		};
		D75A340921093428003A4C6D /* Sources */ = {
			isa = PBXSourcesBuildPhase;
			buildActionMask = 2147483647;
			files = (
				D7C73F49221B71A30048923A /* PersonCell.swift in Sources */,
				D77DC9DC220E441F0003453C /* ViewModelBinding.swift in Sources */,
				D766BA2621FBDDE2007A2ED2 /* AppCoordinator.swift in Sources */,
				D766BA2821FBDE66007A2ED2 /* AppRoute.swift in Sources */,
				D7C857D521FFACBF00DA33A0 /* PeopleListCoordinator.swift in Sources */,
				D7ADED3922221AA50027CE4F /* HoloDex+UIColor.swift in Sources */,
				D7ADED42222221B30027CE4F /* Glyph.swift in Sources */,
				D7FE7515210955C500DE1E28 /* PersonListViewController.swift in Sources */,
				D78C536F22188DB800D5B56F /* PersonDetailViewModelImpl.swift in Sources */,
				D75A341121093428003A4C6D /* AppDelegate.swift in Sources */,
				D7ADED4022221FDE0027CE4F /* HoloDex+UIFont.swift in Sources */,
				D77DC9D9220E3FFC0003453C /* PersonListViewModelImpl.swift in Sources */,
				D78C53732218919F00D5B56F /* PersonDetailViewController.swift in Sources */,
				D74CE5002220A435000CB7AD /* HoloDex+UITableViewController.swift in Sources */,
				D7C73F44221B57600048923A /* HoloDexContainerFactory.swift in Sources */,
				D77DC9DE220E44660003453C /* UIViewController+ViewModelBinding.swift in Sources */,
				D7ADED3E22221F750027CE4F /* HoloDex+UIImage.swift in Sources */,
				D78C536D2218879000D5B56F /* PersonDetailViewModel.swift in Sources */,
				D7A1D762220E31BF00286709 /* PersonListViewModel.swift in Sources */,
			);
			runOnlyForDeploymentPostprocessing = 0;
		};
/* End PBXSourcesBuildPhase section */

/* Begin PBXTargetDependency section */
		D7362739211CF804003F54FC /* PBXTargetDependency */ = {
			isa = PBXTargetDependency;
			target = D75A340C21093428003A4C6D /* HoloDex */;
			targetProxy = D7362738211CF804003F54FC /* PBXContainerItemProxy */;
		};
/* End PBXTargetDependency section */

/* Begin PBXVariantGroup section */
		D75A341921093429003A4C6D /* LaunchScreen.storyboard */ = {
			isa = PBXVariantGroup;
			children = (
				D75A341A21093429003A4C6D /* Base */,
			);
			name = LaunchScreen.storyboard;
			sourceTree = "<group>";
		};
/* End PBXVariantGroup section */

/* Begin XCBuildConfiguration section */
		D736273A211CF804003F54FC /* Debug */ = {
			isa = XCBuildConfiguration;
			buildSettings = {
				BUNDLE_LOADER = "$(TEST_HOST)";
				CODE_SIGN_STYLE = Automatic;
				DEFINES_MODULE = NO;
				DEVELOPMENT_TEAM = J8SLW9YW9U;
				INFOPLIST_FILE = HoloDexUnitTests/Info.plist;
				LD_RUNPATH_SEARCH_PATHS = (
					"$(inherited)",
					"@executable_path/Frameworks",
					"@loader_path/Frameworks",
				);
				PRODUCT_BUNDLE_IDENTIFIER = com.lewisjmorgan.holodex.HoloDexUnitTests;
				PRODUCT_NAME = "$(TARGET_NAME)";
				SWIFT_VERSION = 4.2;
				TARGETED_DEVICE_FAMILY = "1,2";
				TEST_HOST = "$(BUILT_PRODUCTS_DIR)/HoloDex.app/HoloDex";
			};
			name = Debug;
		};
		D736273B211CF804003F54FC /* Release */ = {
			isa = XCBuildConfiguration;
			buildSettings = {
				BUNDLE_LOADER = "$(TEST_HOST)";
				CODE_SIGN_STYLE = Automatic;
				DEVELOPMENT_TEAM = J8SLW9YW9U;
				INFOPLIST_FILE = HoloDexUnitTests/Info.plist;
				LD_RUNPATH_SEARCH_PATHS = (
					"$(inherited)",
					"@executable_path/Frameworks",
					"@loader_path/Frameworks",
				);
				PRODUCT_BUNDLE_IDENTIFIER = com.lewisjmorgan.holodex.HoloDexUnitTests;
				PRODUCT_NAME = "$(TARGET_NAME)";
				SWIFT_VERSION = 4.2;
				TARGETED_DEVICE_FAMILY = "1,2";
				TEST_HOST = "$(BUILT_PRODUCTS_DIR)/HoloDex.app/HoloDex";
			};
			name = Release;
		};
		D75A341D21093429003A4C6D /* Debug */ = {
			isa = XCBuildConfiguration;
			buildSettings = {
				ALWAYS_SEARCH_USER_PATHS = NO;
				CLANG_ANALYZER_NONNULL = YES;
				CLANG_ANALYZER_NUMBER_OBJECT_CONVERSION = YES_AGGRESSIVE;
				CLANG_CXX_LANGUAGE_STANDARD = "gnu++14";
				CLANG_CXX_LIBRARY = "libc++";
				CLANG_ENABLE_MODULES = YES;
				CLANG_ENABLE_OBJC_ARC = YES;
				CLANG_ENABLE_OBJC_WEAK = YES;
				CLANG_WARN_BLOCK_CAPTURE_AUTORELEASING = YES;
				CLANG_WARN_BOOL_CONVERSION = YES;
				CLANG_WARN_COMMA = YES;
				CLANG_WARN_CONSTANT_CONVERSION = YES;
				CLANG_WARN_DEPRECATED_OBJC_IMPLEMENTATIONS = YES;
				CLANG_WARN_DIRECT_OBJC_ISA_USAGE = YES_ERROR;
				CLANG_WARN_DOCUMENTATION_COMMENTS = YES;
				CLANG_WARN_EMPTY_BODY = YES;
				CLANG_WARN_ENUM_CONVERSION = YES;
				CLANG_WARN_INFINITE_RECURSION = YES;
				CLANG_WARN_INT_CONVERSION = YES;
				CLANG_WARN_NON_LITERAL_NULL_CONVERSION = YES;
				CLANG_WARN_OBJC_IMPLICIT_RETAIN_SELF = YES;
				CLANG_WARN_OBJC_LITERAL_CONVERSION = YES;
				CLANG_WARN_OBJC_ROOT_CLASS = YES_ERROR;
				CLANG_WARN_RANGE_LOOP_ANALYSIS = YES;
				CLANG_WARN_STRICT_PROTOTYPES = YES;
				CLANG_WARN_SUSPICIOUS_MOVE = YES;
				CLANG_WARN_UNGUARDED_AVAILABILITY = YES_AGGRESSIVE;
				CLANG_WARN_UNREACHABLE_CODE = YES;
				CLANG_WARN__DUPLICATE_METHOD_MATCH = YES;
				CODE_SIGN_IDENTITY = "iPhone Developer";
				COPY_PHASE_STRIP = NO;
				DEBUG_INFORMATION_FORMAT = dwarf;
				ENABLE_STRICT_OBJC_MSGSEND = YES;
				ENABLE_TESTABILITY = YES;
				GCC_C_LANGUAGE_STANDARD = gnu11;
				GCC_DYNAMIC_NO_PIC = NO;
				GCC_NO_COMMON_BLOCKS = YES;
				GCC_OPTIMIZATION_LEVEL = 0;
				GCC_PREPROCESSOR_DEFINITIONS = (
					"DEBUG=1",
					"$(inherited)",
				);
				GCC_WARN_64_TO_32_BIT_CONVERSION = YES;
				GCC_WARN_ABOUT_RETURN_TYPE = YES_ERROR;
				GCC_WARN_UNDECLARED_SELECTOR = YES;
				GCC_WARN_UNINITIALIZED_AUTOS = YES_AGGRESSIVE;
				GCC_WARN_UNUSED_FUNCTION = YES;
				GCC_WARN_UNUSED_VARIABLE = YES;
				IPHONEOS_DEPLOYMENT_TARGET = 11.4;
				MTL_ENABLE_DEBUG_INFO = YES;
				ONLY_ACTIVE_ARCH = YES;
				SDKROOT = iphoneos;
				SWIFT_ACTIVE_COMPILATION_CONDITIONS = DEBUG;
				SWIFT_OPTIMIZATION_LEVEL = "-Onone";
			};
			name = Debug;
		};
		D75A341E21093429003A4C6D /* Release */ = {
			isa = XCBuildConfiguration;
			buildSettings = {
				ALWAYS_SEARCH_USER_PATHS = NO;
				CLANG_ANALYZER_NONNULL = YES;
				CLANG_ANALYZER_NUMBER_OBJECT_CONVERSION = YES_AGGRESSIVE;
				CLANG_CXX_LANGUAGE_STANDARD = "gnu++14";
				CLANG_CXX_LIBRARY = "libc++";
				CLANG_ENABLE_MODULES = YES;
				CLANG_ENABLE_OBJC_ARC = YES;
				CLANG_ENABLE_OBJC_WEAK = YES;
				CLANG_WARN_BLOCK_CAPTURE_AUTORELEASING = YES;
				CLANG_WARN_BOOL_CONVERSION = YES;
				CLANG_WARN_COMMA = YES;
				CLANG_WARN_CONSTANT_CONVERSION = YES;
				CLANG_WARN_DEPRECATED_OBJC_IMPLEMENTATIONS = YES;
				CLANG_WARN_DIRECT_OBJC_ISA_USAGE = YES_ERROR;
				CLANG_WARN_DOCUMENTATION_COMMENTS = YES;
				CLANG_WARN_EMPTY_BODY = YES;
				CLANG_WARN_ENUM_CONVERSION = YES;
				CLANG_WARN_INFINITE_RECURSION = YES;
				CLANG_WARN_INT_CONVERSION = YES;
				CLANG_WARN_NON_LITERAL_NULL_CONVERSION = YES;
				CLANG_WARN_OBJC_IMPLICIT_RETAIN_SELF = YES;
				CLANG_WARN_OBJC_LITERAL_CONVERSION = YES;
				CLANG_WARN_OBJC_ROOT_CLASS = YES_ERROR;
				CLANG_WARN_RANGE_LOOP_ANALYSIS = YES;
				CLANG_WARN_STRICT_PROTOTYPES = YES;
				CLANG_WARN_SUSPICIOUS_MOVE = YES;
				CLANG_WARN_UNGUARDED_AVAILABILITY = YES_AGGRESSIVE;
				CLANG_WARN_UNREACHABLE_CODE = YES;
				CLANG_WARN__DUPLICATE_METHOD_MATCH = YES;
				CODE_SIGN_IDENTITY = "iPhone Developer";
				COPY_PHASE_STRIP = NO;
				DEBUG_INFORMATION_FORMAT = "dwarf-with-dsym";
				ENABLE_NS_ASSERTIONS = NO;
				ENABLE_STRICT_OBJC_MSGSEND = YES;
				GCC_C_LANGUAGE_STANDARD = gnu11;
				GCC_NO_COMMON_BLOCKS = YES;
				GCC_WARN_64_TO_32_BIT_CONVERSION = YES;
				GCC_WARN_ABOUT_RETURN_TYPE = YES_ERROR;
				GCC_WARN_UNDECLARED_SELECTOR = YES;
				GCC_WARN_UNINITIALIZED_AUTOS = YES_AGGRESSIVE;
				GCC_WARN_UNUSED_FUNCTION = YES;
				GCC_WARN_UNUSED_VARIABLE = YES;
				IPHONEOS_DEPLOYMENT_TARGET = 11.4;
				MTL_ENABLE_DEBUG_INFO = NO;
				SDKROOT = iphoneos;
				SWIFT_COMPILATION_MODE = wholemodule;
				SWIFT_OPTIMIZATION_LEVEL = "-O";
				VALIDATE_PRODUCT = YES;
			};
			name = Release;
		};
		D75A342021093429003A4C6D /* Debug */ = {
			isa = XCBuildConfiguration;
			buildSettings = {
				ASSETCATALOG_COMPILER_APPICON_NAME = AppIcon;
				CODE_SIGN_IDENTITY = "iPhone Developer";
				CODE_SIGN_STYLE = Automatic;
				DEVELOPMENT_TEAM = J8SLW9YW9U;
				FRAMEWORK_SEARCH_PATHS = (
					"$(inherited)",
					"$(PROJECT_DIR)/Carthage/Build/iOS",
					"$(BUILT_PRODUCTS_DIR)",
				);
				INFOPLIST_FILE = HoloDex/Info.plist;
				IPHONEOS_DEPLOYMENT_TARGET = 12.1;
				LD_RUNPATH_SEARCH_PATHS = (
					"$(inherited)",
					"@executable_path/Frameworks",
				);
				PRODUCT_BUNDLE_IDENTIFIER = io.lewismorgan.HoloDex;
				PRODUCT_NAME = "$(TARGET_NAME)";
				PROVISIONING_PROFILE_SPECIFIER = "";
				SWIFT_VERSION = 4.2;
				TARGETED_DEVICE_FAMILY = "1,2";
			};
			name = Debug;
		};
		D75A342121093429003A4C6D /* Release */ = {
			isa = XCBuildConfiguration;
			buildSettings = {
				ASSETCATALOG_COMPILER_APPICON_NAME = AppIcon;
				CODE_SIGN_IDENTITY = "iPhone Developer";
				CODE_SIGN_STYLE = Automatic;
				DEVELOPMENT_TEAM = J8SLW9YW9U;
				FRAMEWORK_SEARCH_PATHS = (
					"$(inherited)",
					"$(PROJECT_DIR)/Carthage/Build/iOS",
					"$(BUILT_PRODUCTS_DIR)",
				);
				INFOPLIST_FILE = HoloDex/Info.plist;
				IPHONEOS_DEPLOYMENT_TARGET = 12.1;
				LD_RUNPATH_SEARCH_PATHS = (
					"$(inherited)",
					"@executable_path/Frameworks",
				);
				PRODUCT_BUNDLE_IDENTIFIER = io.lewismorgan.HoloDex;
				PRODUCT_NAME = "$(TARGET_NAME)";
				PROVISIONING_PROFILE_SPECIFIER = "";
				SWIFT_VERSION = 4.2;
				TARGETED_DEVICE_FAMILY = "1,2";
			};
			name = Release;
		};
/* End XCBuildConfiguration section */

/* Begin XCConfigurationList section */
		D736273C211CF804003F54FC /* Build configuration list for PBXNativeTarget "HoloDexUnitTests" */ = {
			isa = XCConfigurationList;
			buildConfigurations = (
				D736273A211CF804003F54FC /* Debug */,
				D736273B211CF804003F54FC /* Release */,
			);
			defaultConfigurationIsVisible = 0;
			defaultConfigurationName = Release;
		};
		D75A340821093428003A4C6D /* Build configuration list for PBXProject "HoloDex" */ = {
			isa = XCConfigurationList;
			buildConfigurations = (
				D75A341D21093429003A4C6D /* Debug */,
				D75A341E21093429003A4C6D /* Release */,
			);
			defaultConfigurationIsVisible = 0;
			defaultConfigurationName = Release;
		};
		D75A341F21093429003A4C6D /* Build configuration list for PBXNativeTarget "HoloDex" */ = {
			isa = XCConfigurationList;
			buildConfigurations = (
				D75A342021093429003A4C6D /* Debug */,
				D75A342121093429003A4C6D /* Release */,
			);
			defaultConfigurationIsVisible = 0;
			defaultConfigurationName = Release;
		};
/* End XCConfigurationList section */
	};
	rootObject = D75A340521093428003A4C6D /* Project object */;
}
