// !$*UTF8*$!
{
	archiveVersion = 1;
	classes = {
	};
	objectVersion = 50;
	objects = {

/* Begin PBXBuildFile section */
		A7D3B55E1C3FF6E8FD6E4232 /* Pods_HoloDex.framework in Frameworks */ = {isa = PBXBuildFile; fileRef = ECE1630955B03B456FEC2E91 /* Pods_HoloDex.framework */; };
		D700E4E2210E9C050054AFD0 /* PersonTableViewCell.swift in Sources */ = {isa = PBXBuildFile; fileRef = D700E4E1210E9C050054AFD0 /* PersonTableViewCell.swift */; };
		D700E4E4210EA7970054AFD0 /* PeopleAPIService.swift in Sources */ = {isa = PBXBuildFile; fileRef = D700E4E3210EA7970054AFD0 /* PeopleAPIService.swift */; };
		D700E4E6210EA81A0054AFD0 /* StarWarsAPI.swift in Sources */ = {isa = PBXBuildFile; fileRef = D700E4E5210EA81A0054AFD0 /* StarWarsAPI.swift */; };
		D72D4001210946F40095BEE0 /* AppState.swift in Sources */ = {isa = PBXBuildFile; fileRef = D72D4000210946F40095BEE0 /* AppState.swift */; };
		D730D08721094BD50092EB4C /* Screen.swift in Sources */ = {isa = PBXBuildFile; fileRef = D730D08621094BD50092EB4C /* Screen.swift */; };
		D75A341121093428003A4C6D /* AppDelegate.swift in Sources */ = {isa = PBXBuildFile; fileRef = D75A341021093428003A4C6D /* AppDelegate.swift */; };
		D75A341821093429003A4C6D /* Assets.xcassets in Resources */ = {isa = PBXBuildFile; fileRef = D75A341721093429003A4C6D /* Assets.xcassets */; };
		D75A341B21093429003A4C6D /* LaunchScreen.storyboard in Resources */ = {isa = PBXBuildFile; fileRef = D75A341921093429003A4C6D /* LaunchScreen.storyboard */; };
		D7DD0A16210A77C30072A896 /* HDBaseAppView.swift in Sources */ = {isa = PBXBuildFile; fileRef = D7DD0A15210A77C30072A896 /* HDBaseAppView.swift */; };
		D7DD0A18210A7A350072A896 /* HDViewController.swift in Sources */ = {isa = PBXBuildFile; fileRef = D7DD0A17210A7A350072A896 /* HDViewController.swift */; };
		D7DD0A1C210A7CCA0072A896 /* PeopleState.swift in Sources */ = {isa = PBXBuildFile; fileRef = D7DD0A1B210A7CCA0072A896 /* PeopleState.swift */; };
		D7DD0A1E210A7EEF0072A896 /* HDStatefulViewController.swift in Sources */ = {isa = PBXBuildFile; fileRef = D7DD0A1D210A7EEF0072A896 /* HDStatefulViewController.swift */; };
		D7DD0A20210A88FB0072A896 /* RootRoutable.swift in Sources */ = {isa = PBXBuildFile; fileRef = D7DD0A1F210A88FB0072A896 /* RootRoutable.swift */; };
		D7DD0A22210A8B560072A896 /* AppTabBarViewRoutable.swift in Sources */ = {isa = PBXBuildFile; fileRef = D7DD0A21210A8B560072A896 /* AppTabBarViewRoutable.swift */; };
		D7DD0A24210A8BA80072A896 /* ViewControllerRoutable.swift in Sources */ = {isa = PBXBuildFile; fileRef = D7DD0A23210A8BA80072A896 /* ViewControllerRoutable.swift */; };
		D7DD0A26210A8D930072A896 /* AppTabBarViewController.swift in Sources */ = {isa = PBXBuildFile; fileRef = D7DD0A25210A8D930072A896 /* AppTabBarViewController.swift */; };
		D7DD0A28210A90C20072A896 /* AppReducer.swift in Sources */ = {isa = PBXBuildFile; fileRef = D7DD0A27210A90C20072A896 /* AppReducer.swift */; };
		D7DD0A2A210AAA6C0072A896 /* PeopleReducer.swift in Sources */ = {isa = PBXBuildFile; fileRef = D7DD0A29210AAA6C0072A896 /* PeopleReducer.swift */; };
		D7DD0A2C210AAB8E0072A896 /* PeopleActions.swift in Sources */ = {isa = PBXBuildFile; fileRef = D7DD0A2B210AAB8E0072A896 /* PeopleActions.swift */; };
		D7EE6AD3210E13AE006BF44C /* Result.swift in Sources */ = {isa = PBXBuildFile; fileRef = D7EE6AD2210E13AE006BF44C /* Result.swift */; };
		D7FE7513210955A900DE1E28 /* PeopleView.swift in Sources */ = {isa = PBXBuildFile; fileRef = D7FE7512210955A900DE1E28 /* PeopleView.swift */; };
		D7FE7515210955C500DE1E28 /* PeopleViewController.swift in Sources */ = {isa = PBXBuildFile; fileRef = D7FE7514210955C500DE1E28 /* PeopleViewController.swift */; };
		D7FE751B21095C4700DE1E28 /* Person.swift in Sources */ = {isa = PBXBuildFile; fileRef = D7FE751A21095C4700DE1E28 /* Person.swift */; };
		D7FE75202109624500DE1E28 /* FlexView.swift in Sources */ = {isa = PBXBuildFile; fileRef = D7FE751F2109624500DE1E28 /* FlexView.swift */; };
/* End PBXBuildFile section */

/* Begin PBXFileReference section */
		34CB417C9F0CB3ED421D7DDF /* Pods-HoloDex.release.xcconfig */ = {isa = PBXFileReference; includeInIndex = 1; lastKnownFileType = text.xcconfig; name = "Pods-HoloDex.release.xcconfig"; path = "Pods/Target Support Files/Pods-HoloDex/Pods-HoloDex.release.xcconfig"; sourceTree = "<group>"; };
		9725803AAA5D91577D8D9F36 /* Pods-HoloDex.debug.xcconfig */ = {isa = PBXFileReference; includeInIndex = 1; lastKnownFileType = text.xcconfig; name = "Pods-HoloDex.debug.xcconfig"; path = "Pods/Target Support Files/Pods-HoloDex/Pods-HoloDex.debug.xcconfig"; sourceTree = "<group>"; };
		D700E4E1210E9C050054AFD0 /* PersonTableViewCell.swift */ = {isa = PBXFileReference; lastKnownFileType = sourcecode.swift; path = PersonTableViewCell.swift; sourceTree = "<group>"; };
		D700E4E3210EA7970054AFD0 /* PeopleAPIService.swift */ = {isa = PBXFileReference; lastKnownFileType = sourcecode.swift; path = PeopleAPIService.swift; sourceTree = "<group>"; };
		D700E4E5210EA81A0054AFD0 /* StarWarsAPI.swift */ = {isa = PBXFileReference; lastKnownFileType = sourcecode.swift; path = StarWarsAPI.swift; sourceTree = "<group>"; };
		D72D4000210946F40095BEE0 /* AppState.swift */ = {isa = PBXFileReference; lastKnownFileType = sourcecode.swift; path = AppState.swift; sourceTree = "<group>"; };
		D730D08621094BD50092EB4C /* Screen.swift */ = {isa = PBXFileReference; lastKnownFileType = sourcecode.swift; path = Screen.swift; sourceTree = "<group>"; };
		D75A340D21093428003A4C6D /* HoloDex.app */ = {isa = PBXFileReference; explicitFileType = wrapper.application; includeInIndex = 0; path = HoloDex.app; sourceTree = BUILT_PRODUCTS_DIR; };
		D75A341021093428003A4C6D /* AppDelegate.swift */ = {isa = PBXFileReference; lastKnownFileType = sourcecode.swift; path = AppDelegate.swift; sourceTree = "<group>"; };
		D75A341721093429003A4C6D /* Assets.xcassets */ = {isa = PBXFileReference; lastKnownFileType = folder.assetcatalog; path = Assets.xcassets; sourceTree = "<group>"; };
		D75A341A21093429003A4C6D /* Base */ = {isa = PBXFileReference; lastKnownFileType = file.storyboard; name = Base; path = Base.lproj/LaunchScreen.storyboard; sourceTree = "<group>"; };
		D75A341C21093429003A4C6D /* Info.plist */ = {isa = PBXFileReference; lastKnownFileType = text.plist.xml; path = Info.plist; sourceTree = "<group>"; };
		D7DD0A15210A77C30072A896 /* HDBaseAppView.swift */ = {isa = PBXFileReference; lastKnownFileType = sourcecode.swift; path = HDBaseAppView.swift; sourceTree = "<group>"; };
		D7DD0A17210A7A350072A896 /* HDViewController.swift */ = {isa = PBXFileReference; lastKnownFileType = sourcecode.swift; path = HDViewController.swift; sourceTree = "<group>"; };
		D7DD0A1B210A7CCA0072A896 /* PeopleState.swift */ = {isa = PBXFileReference; lastKnownFileType = sourcecode.swift; path = PeopleState.swift; sourceTree = "<group>"; };
		D7DD0A1D210A7EEF0072A896 /* HDStatefulViewController.swift */ = {isa = PBXFileReference; lastKnownFileType = sourcecode.swift; path = HDStatefulViewController.swift; sourceTree = "<group>"; };
		D7DD0A1F210A88FB0072A896 /* RootRoutable.swift */ = {isa = PBXFileReference; lastKnownFileType = sourcecode.swift; path = RootRoutable.swift; sourceTree = "<group>"; };
		D7DD0A21210A8B560072A896 /* AppTabBarViewRoutable.swift */ = {isa = PBXFileReference; lastKnownFileType = sourcecode.swift; path = AppTabBarViewRoutable.swift; sourceTree = "<group>"; };
		D7DD0A23210A8BA80072A896 /* ViewControllerRoutable.swift */ = {isa = PBXFileReference; lastKnownFileType = sourcecode.swift; path = ViewControllerRoutable.swift; sourceTree = "<group>"; };
		D7DD0A25210A8D930072A896 /* AppTabBarViewController.swift */ = {isa = PBXFileReference; lastKnownFileType = sourcecode.swift; path = AppTabBarViewController.swift; sourceTree = "<group>"; };
		D7DD0A27210A90C20072A896 /* AppReducer.swift */ = {isa = PBXFileReference; lastKnownFileType = sourcecode.swift; path = AppReducer.swift; sourceTree = "<group>"; };
		D7DD0A29210AAA6C0072A896 /* PeopleReducer.swift */ = {isa = PBXFileReference; lastKnownFileType = sourcecode.swift; path = PeopleReducer.swift; sourceTree = "<group>"; };
		D7DD0A2B210AAB8E0072A896 /* PeopleActions.swift */ = {isa = PBXFileReference; lastKnownFileType = sourcecode.swift; path = PeopleActions.swift; sourceTree = "<group>"; };
		D7EE6AD2210E13AE006BF44C /* Result.swift */ = {isa = PBXFileReference; lastKnownFileType = sourcecode.swift; path = Result.swift; sourceTree = "<group>"; };
		D7FE7512210955A900DE1E28 /* PeopleView.swift */ = {isa = PBXFileReference; lastKnownFileType = sourcecode.swift; path = PeopleView.swift; sourceTree = "<group>"; };
		D7FE7514210955C500DE1E28 /* PeopleViewController.swift */ = {isa = PBXFileReference; lastKnownFileType = sourcecode.swift; path = PeopleViewController.swift; sourceTree = "<group>"; };
		D7FE751A21095C4700DE1E28 /* Person.swift */ = {isa = PBXFileReference; lastKnownFileType = sourcecode.swift; path = Person.swift; sourceTree = "<group>"; };
		D7FE751F2109624500DE1E28 /* FlexView.swift */ = {isa = PBXFileReference; lastKnownFileType = sourcecode.swift; path = FlexView.swift; sourceTree = "<group>"; };
		ECE1630955B03B456FEC2E91 /* Pods_HoloDex.framework */ = {isa = PBXFileReference; explicitFileType = wrapper.framework; includeInIndex = 0; path = Pods_HoloDex.framework; sourceTree = BUILT_PRODUCTS_DIR; };
/* End PBXFileReference section */

/* Begin PBXFrameworksBuildPhase section */
		D75A340A21093428003A4C6D /* Frameworks */ = {
			isa = PBXFrameworksBuildPhase;
			buildActionMask = 2147483647;
			files = (
				A7D3B55E1C3FF6E8FD6E4232 /* Pods_HoloDex.framework in Frameworks */,
			);
			runOnlyForDeploymentPostprocessing = 0;
		};
/* End PBXFrameworksBuildPhase section */

/* Begin PBXGroup section */
		A955901FAAD1BCE3BEBE1CAE /* Frameworks */ = {
			isa = PBXGroup;
			children = (
				ECE1630955B03B456FEC2E91 /* Pods_HoloDex.framework */,
			);
			name = Frameworks;
			sourceTree = "<group>";
		};
		D72AB0A3210954E000D4CE76 /* Features */ = {
			isa = PBXGroup;
			children = (
				D7DD0A2D210AAE290072A896 /* People */,
			);
			path = Features;
			sourceTree = "<group>";
		};
		D730D08521094A300092EB4C /* App */ = {
			isa = PBXGroup;
			children = (
				D730D08821094CD10092EB4C /* Routing */,
				D72D4000210946F40095BEE0 /* AppState.swift */,
				D7DD0A25210A8D930072A896 /* AppTabBarViewController.swift */,
				D7DD0A27210A90C20072A896 /* AppReducer.swift */,
				D75A341021093428003A4C6D /* AppDelegate.swift */,
				D75A341921093429003A4C6D /* LaunchScreen.storyboard */,
			);
			name = App;
			sourceTree = "<group>";
		};
		D730D08821094CD10092EB4C /* Routing */ = {
			isa = PBXGroup;
			children = (
				D730D08621094BD50092EB4C /* Screen.swift */,
				D7DD0A1F210A88FB0072A896 /* RootRoutable.swift */,
				D7DD0A21210A8B560072A896 /* AppTabBarViewRoutable.swift */,
				D7DD0A23210A8BA80072A896 /* ViewControllerRoutable.swift */,
			);
			name = Routing;
			sourceTree = "<group>";
		};
		D75A340421093428003A4C6D = {
			isa = PBXGroup;
			children = (
				D75A340F21093428003A4C6D /* HoloDex */,
				D75A340E21093428003A4C6D /* Products */,
				F2219EED61AB3983B5FBC7DA /* Pods */,
				A955901FAAD1BCE3BEBE1CAE /* Frameworks */,
			);
			sourceTree = "<group>";
		};
		D75A340E21093428003A4C6D /* Products */ = {
			isa = PBXGroup;
			children = (
				D75A340D21093428003A4C6D /* HoloDex.app */,
			);
			name = Products;
			sourceTree = "<group>";
		};
		D75A340F21093428003A4C6D /* HoloDex */ = {
			isa = PBXGroup;
			children = (
				D7EE6AD1210E1399006BF44C /* Core */,
				D7FE751C21095DD500DE1E28 /* UI */,
				D72AB0A3210954E000D4CE76 /* Features */,
				D730D08521094A300092EB4C /* App */,
				D75A341721093429003A4C6D /* Assets.xcassets */,
				D75A341C21093429003A4C6D /* Info.plist */,
			);
			path = HoloDex;
			sourceTree = "<group>";
		};
		D7DD0A2D210AAE290072A896 /* People */ = {
			isa = PBXGroup;
			children = (
				D7FE751A21095C4700DE1E28 /* Person.swift */,
				D7DD0A1B210A7CCA0072A896 /* PeopleState.swift */,
				D7DD0A2B210AAB8E0072A896 /* PeopleActions.swift */,
				D7DD0A29210AAA6C0072A896 /* PeopleReducer.swift */,
				D7FE7512210955A900DE1E28 /* PeopleView.swift */,
				D7FE7514210955C500DE1E28 /* PeopleViewController.swift */,
				D700E4E1210E9C050054AFD0 /* PersonTableViewCell.swift */,
				D700E4E3210EA7970054AFD0 /* PeopleAPIService.swift */,
			);
			path = People;
			sourceTree = "<group>";
		};
		D7EE6AD1210E1399006BF44C /* Core */ = {
			isa = PBXGroup;
			children = (
				D7EE6AD2210E13AE006BF44C /* Result.swift */,
				D700E4E5210EA81A0054AFD0 /* StarWarsAPI.swift */,
			);
			path = Core;
			sourceTree = "<group>";
		};
		D7FE751C21095DD500DE1E28 /* UI */ = {
			isa = PBXGroup;
			children = (
				D7FE751F2109624500DE1E28 /* FlexView.swift */,
				D7DD0A15210A77C30072A896 /* HDBaseAppView.swift */,
				D7DD0A17210A7A350072A896 /* HDViewController.swift */,
				D7DD0A1D210A7EEF0072A896 /* HDStatefulViewController.swift */,
			);
			path = UI;
			sourceTree = "<group>";
		};
		F2219EED61AB3983B5FBC7DA /* Pods */ = {
			isa = PBXGroup;
			children = (
				9725803AAA5D91577D8D9F36 /* Pods-HoloDex.debug.xcconfig */,
				34CB417C9F0CB3ED421D7DDF /* Pods-HoloDex.release.xcconfig */,
			);
			name = Pods;
			sourceTree = "<group>";
		};
/* End PBXGroup section */

/* Begin PBXNativeTarget section */
		D75A340C21093428003A4C6D /* HoloDex */ = {
			isa = PBXNativeTarget;
			buildConfigurationList = D75A341F21093429003A4C6D /* Build configuration list for PBXNativeTarget "HoloDex" */;
			buildPhases = (
				C725367676E80D2D12B339E8 /* [CP] Check Pods Manifest.lock */,
				D72D3FFA210943E50095BEE0 /* SwiftLint */,
				D75A340921093428003A4C6D /* Sources */,
				D75A340A21093428003A4C6D /* Frameworks */,
				D75A340B21093428003A4C6D /* Resources */,
				A30B5FBD5084D56CF9B72A4F /* [CP] Embed Pods Frameworks */,
			);
			buildRules = (
			);
			dependencies = (
			);
			name = HoloDex;
			productName = HoloDex;
			productReference = D75A340D21093428003A4C6D /* HoloDex.app */;
			productType = "com.apple.product-type.application";
		};
/* End PBXNativeTarget section */

/* Begin PBXProject section */
		D75A340521093428003A4C6D /* Project object */ = {
			isa = PBXProject;
			attributes = {
				LastSwiftUpdateCheck = 0940;
				LastUpgradeCheck = 0940;
				ORGANIZATIONNAME = "Lewis J Morgan";
				TargetAttributes = {
					D75A340C21093428003A4C6D = {
						CreatedOnToolsVersion = 9.4.1;
					};
				};
			};
			buildConfigurationList = D75A340821093428003A4C6D /* Build configuration list for PBXProject "HoloDex" */;
			compatibilityVersion = "Xcode 9.3";
			developmentRegion = en;
			hasScannedForEncodings = 0;
			knownRegions = (
				en,
				Base,
			);
			mainGroup = D75A340421093428003A4C6D;
			productRefGroup = D75A340E21093428003A4C6D /* Products */;
			projectDirPath = "";
			projectRoot = "";
			targets = (
				D75A340C21093428003A4C6D /* HoloDex */,
			);
		};
/* End PBXProject section */

/* Begin PBXResourcesBuildPhase section */
		D75A340B21093428003A4C6D /* Resources */ = {
			isa = PBXResourcesBuildPhase;
			buildActionMask = 2147483647;
			files = (
				D75A341B21093429003A4C6D /* LaunchScreen.storyboard in Resources */,
				D75A341821093429003A4C6D /* Assets.xcassets in Resources */,
			);
			runOnlyForDeploymentPostprocessing = 0;
		};
/* End PBXResourcesBuildPhase section */

/* Begin PBXShellScriptBuildPhase section */
		A30B5FBD5084D56CF9B72A4F /* [CP] Embed Pods Frameworks */ = {
			isa = PBXShellScriptBuildPhase;
			buildActionMask = 2147483647;
			files = (
			);
			inputPaths = (
				"${SRCROOT}/Pods/Target Support Files/Pods-HoloDex/Pods-HoloDex-frameworks.sh",
				"${BUILT_PRODUCTS_DIR}/Alamofire/Alamofire.framework",
				"${BUILT_PRODUCTS_DIR}/FlexLayout/FlexLayout.framework",
				"${BUILT_PRODUCTS_DIR}/PinLayout/PinLayout.framework",
				"${BUILT_PRODUCTS_DIR}/ReSwift/ReSwift.framework",
				"${BUILT_PRODUCTS_DIR}/ReSwiftRouter/ReSwiftRouter.framework",
				"${BUILT_PRODUCTS_DIR}/RxSwift/RxSwift.framework",
			);
			name = "[CP] Embed Pods Frameworks";
			outputPaths = (
				"${TARGET_BUILD_DIR}/${FRAMEWORKS_FOLDER_PATH}/Alamofire.framework",
				"${TARGET_BUILD_DIR}/${FRAMEWORKS_FOLDER_PATH}/FlexLayout.framework",
				"${TARGET_BUILD_DIR}/${FRAMEWORKS_FOLDER_PATH}/PinLayout.framework",
				"${TARGET_BUILD_DIR}/${FRAMEWORKS_FOLDER_PATH}/ReSwift.framework",
				"${TARGET_BUILD_DIR}/${FRAMEWORKS_FOLDER_PATH}/ReSwiftRouter.framework",
				"${TARGET_BUILD_DIR}/${FRAMEWORKS_FOLDER_PATH}/RxSwift.framework",
			);
			runOnlyForDeploymentPostprocessing = 0;
			shellPath = /bin/sh;
			shellScript = "\"${SRCROOT}/Pods/Target Support Files/Pods-HoloDex/Pods-HoloDex-frameworks.sh\"\n";
			showEnvVarsInLog = 0;
		};
		C725367676E80D2D12B339E8 /* [CP] Check Pods Manifest.lock */ = {
			isa = PBXShellScriptBuildPhase;
			buildActionMask = 2147483647;
			files = (
			);
			inputPaths = (
				"${PODS_PODFILE_DIR_PATH}/Podfile.lock",
				"${PODS_ROOT}/Manifest.lock",
			);
			name = "[CP] Check Pods Manifest.lock";
			outputPaths = (
				"$(DERIVED_FILE_DIR)/Pods-HoloDex-checkManifestLockResult.txt",
			);
			runOnlyForDeploymentPostprocessing = 0;
			shellPath = /bin/sh;
			shellScript = "diff \"${PODS_PODFILE_DIR_PATH}/Podfile.lock\" \"${PODS_ROOT}/Manifest.lock\" > /dev/null\nif [ $? != 0 ] ; then\n    # print error to STDERR\n    echo \"error: The sandbox is not in sync with the Podfile.lock. Run 'pod install' or update your CocoaPods installation.\" >&2\n    exit 1\nfi\n# This output is used by Xcode 'outputs' to avoid re-running this script phase.\necho \"SUCCESS\" > \"${SCRIPT_OUTPUT_FILE_0}\"\n";
			showEnvVarsInLog = 0;
		};
		D72D3FFA210943E50095BEE0 /* SwiftLint */ = {
			isa = PBXShellScriptBuildPhase;
			buildActionMask = 2147483647;
			files = (
			);
			inputPaths = (
			);
			name = SwiftLint;
			outputPaths = (
			);
			runOnlyForDeploymentPostprocessing = 0;
			shellPath = /bin/sh;
			shellScript = "if which swiftlint >/dev/null; then\nswiftlint\nelse\necho \"warning: SwiftLint not installed, download from https://github.com/realm/SwiftLint\"\nfi";
		};
/* End PBXShellScriptBuildPhase section */

/* Begin PBXSourcesBuildPhase section */
		D75A340921093428003A4C6D /* Sources */ = {
			isa = PBXSourcesBuildPhase;
			buildActionMask = 2147483647;
			files = (
				D72D4001210946F40095BEE0 /* AppState.swift in Sources */,
				D7FE7515210955C500DE1E28 /* PeopleViewController.swift in Sources */,
				D7EE6AD3210E13AE006BF44C /* Result.swift in Sources */,
				D7DD0A28210A90C20072A896 /* AppReducer.swift in Sources */,
				D7FE751B21095C4700DE1E28 /* Person.swift in Sources */,
				D75A341121093428003A4C6D /* AppDelegate.swift in Sources */,
				D700E4E4210EA7970054AFD0 /* PeopleAPIService.swift in Sources */,
				D7DD0A26210A8D930072A896 /* AppTabBarViewController.swift in Sources */,
				D7FE75202109624500DE1E28 /* FlexView.swift in Sources */,
				D7DD0A2C210AAB8E0072A896 /* PeopleActions.swift in Sources */,
				D730D08721094BD50092EB4C /* Screen.swift in Sources */,
				D7DD0A24210A8BA80072A896 /* ViewControllerRoutable.swift in Sources */,
				D7DD0A2A210AAA6C0072A896 /* PeopleReducer.swift in Sources */,
				D7DD0A20210A88FB0072A896 /* RootRoutable.swift in Sources */,
				D7DD0A22210A8B560072A896 /* AppTabBarViewRoutable.swift in Sources */,
				D7DD0A16210A77C30072A896 /* HDBaseAppView.swift in Sources */,
				D7DD0A18210A7A350072A896 /* HDViewController.swift in Sources */,
				D700E4E6210EA81A0054AFD0 /* StarWarsAPI.swift in Sources */,
				D7DD0A1E210A7EEF0072A896 /* HDStatefulViewController.swift in Sources */,
				D700E4E2210E9C050054AFD0 /* PersonTableViewCell.swift in Sources */,
				D7FE7513210955A900DE1E28 /* PeopleView.swift in Sources */,
				D7DD0A1C210A7CCA0072A896 /* PeopleState.swift in Sources */,
			);
			runOnlyForDeploymentPostprocessing = 0;
		};
/* End PBXSourcesBuildPhase section */

/* Begin PBXVariantGroup section */
		D75A341921093429003A4C6D /* LaunchScreen.storyboard */ = {
			isa = PBXVariantGroup;
			children = (
				D75A341A21093429003A4C6D /* Base */,
			);
			name = LaunchScreen.storyboard;
			sourceTree = "<group>";
		};
/* End PBXVariantGroup section */

/* Begin XCBuildConfiguration section */
		D75A341D21093429003A4C6D /* Debug */ = {
			isa = XCBuildConfiguration;
			buildSettings = {
				ALWAYS_SEARCH_USER_PATHS = NO;
				CLANG_ANALYZER_NONNULL = YES;
				CLANG_ANALYZER_NUMBER_OBJECT_CONVERSION = YES_AGGRESSIVE;
				CLANG_CXX_LANGUAGE_STANDARD = "gnu++14";
				CLANG_CXX_LIBRARY = "libc++";
				CLANG_ENABLE_MODULES = YES;
				CLANG_ENABLE_OBJC_ARC = YES;
				CLANG_ENABLE_OBJC_WEAK = YES;
				CLANG_WARN_BLOCK_CAPTURE_AUTORELEASING = YES;
				CLANG_WARN_BOOL_CONVERSION = YES;
				CLANG_WARN_COMMA = YES;
				CLANG_WARN_CONSTANT_CONVERSION = YES;
				CLANG_WARN_DEPRECATED_OBJC_IMPLEMENTATIONS = YES;
				CLANG_WARN_DIRECT_OBJC_ISA_USAGE = YES_ERROR;
				CLANG_WARN_DOCUMENTATION_COMMENTS = YES;
				CLANG_WARN_EMPTY_BODY = YES;
				CLANG_WARN_ENUM_CONVERSION = YES;
				CLANG_WARN_INFINITE_RECURSION = YES;
				CLANG_WARN_INT_CONVERSION = YES;
				CLANG_WARN_NON_LITERAL_NULL_CONVERSION = YES;
				CLANG_WARN_OBJC_IMPLICIT_RETAIN_SELF = YES;
				CLANG_WARN_OBJC_LITERAL_CONVERSION = YES;
				CLANG_WARN_OBJC_ROOT_CLASS = YES_ERROR;
				CLANG_WARN_RANGE_LOOP_ANALYSIS = YES;
				CLANG_WARN_STRICT_PROTOTYPES = YES;
				CLANG_WARN_SUSPICIOUS_MOVE = YES;
				CLANG_WARN_UNGUARDED_AVAILABILITY = YES_AGGRESSIVE;
				CLANG_WARN_UNREACHABLE_CODE = YES;
				CLANG_WARN__DUPLICATE_METHOD_MATCH = YES;
				CODE_SIGN_IDENTITY = "iPhone Developer";
				COPY_PHASE_STRIP = NO;
				DEBUG_INFORMATION_FORMAT = dwarf;
				ENABLE_STRICT_OBJC_MSGSEND = YES;
				ENABLE_TESTABILITY = YES;
				GCC_C_LANGUAGE_STANDARD = gnu11;
				GCC_DYNAMIC_NO_PIC = NO;
				GCC_NO_COMMON_BLOCKS = YES;
				GCC_OPTIMIZATION_LEVEL = 0;
				GCC_PREPROCESSOR_DEFINITIONS = (
					"DEBUG=1",
					"$(inherited)",
				);
				GCC_WARN_64_TO_32_BIT_CONVERSION = YES;
				GCC_WARN_ABOUT_RETURN_TYPE = YES_ERROR;
				GCC_WARN_UNDECLARED_SELECTOR = YES;
				GCC_WARN_UNINITIALIZED_AUTOS = YES_AGGRESSIVE;
				GCC_WARN_UNUSED_FUNCTION = YES;
				GCC_WARN_UNUSED_VARIABLE = YES;
				IPHONEOS_DEPLOYMENT_TARGET = 11.4;
				MTL_ENABLE_DEBUG_INFO = YES;
				ONLY_ACTIVE_ARCH = YES;
				SDKROOT = iphoneos;
				SWIFT_ACTIVE_COMPILATION_CONDITIONS = DEBUG;
				SWIFT_OPTIMIZATION_LEVEL = "-Onone";
			};
			name = Debug;
		};
		D75A341E21093429003A4C6D /* Release */ = {
			isa = XCBuildConfiguration;
			buildSettings = {
				ALWAYS_SEARCH_USER_PATHS = NO;
				CLANG_ANALYZER_NONNULL = YES;
				CLANG_ANALYZER_NUMBER_OBJECT_CONVERSION = YES_AGGRESSIVE;
				CLANG_CXX_LANGUAGE_STANDARD = "gnu++14";
				CLANG_CXX_LIBRARY = "libc++";
				CLANG_ENABLE_MODULES = YES;
				CLANG_ENABLE_OBJC_ARC = YES;
				CLANG_ENABLE_OBJC_WEAK = YES;
				CLANG_WARN_BLOCK_CAPTURE_AUTORELEASING = YES;
				CLANG_WARN_BOOL_CONVERSION = YES;
				CLANG_WARN_COMMA = YES;
				CLANG_WARN_CONSTANT_CONVERSION = YES;
				CLANG_WARN_DEPRECATED_OBJC_IMPLEMENTATIONS = YES;
				CLANG_WARN_DIRECT_OBJC_ISA_USAGE = YES_ERROR;
				CLANG_WARN_DOCUMENTATION_COMMENTS = YES;
				CLANG_WARN_EMPTY_BODY = YES;
				CLANG_WARN_ENUM_CONVERSION = YES;
				CLANG_WARN_INFINITE_RECURSION = YES;
				CLANG_WARN_INT_CONVERSION = YES;
				CLANG_WARN_NON_LITERAL_NULL_CONVERSION = YES;
				CLANG_WARN_OBJC_IMPLICIT_RETAIN_SELF = YES;
				CLANG_WARN_OBJC_LITERAL_CONVERSION = YES;
				CLANG_WARN_OBJC_ROOT_CLASS = YES_ERROR;
				CLANG_WARN_RANGE_LOOP_ANALYSIS = YES;
				CLANG_WARN_STRICT_PROTOTYPES = YES;
				CLANG_WARN_SUSPICIOUS_MOVE = YES;
				CLANG_WARN_UNGUARDED_AVAILABILITY = YES_AGGRESSIVE;
				CLANG_WARN_UNREACHABLE_CODE = YES;
				CLANG_WARN__DUPLICATE_METHOD_MATCH = YES;
				CODE_SIGN_IDENTITY = "iPhone Developer";
				COPY_PHASE_STRIP = NO;
				DEBUG_INFORMATION_FORMAT = "dwarf-with-dsym";
				ENABLE_NS_ASSERTIONS = NO;
				ENABLE_STRICT_OBJC_MSGSEND = YES;
				GCC_C_LANGUAGE_STANDARD = gnu11;
				GCC_NO_COMMON_BLOCKS = YES;
				GCC_WARN_64_TO_32_BIT_CONVERSION = YES;
				GCC_WARN_ABOUT_RETURN_TYPE = YES_ERROR;
				GCC_WARN_UNDECLARED_SELECTOR = YES;
				GCC_WARN_UNINITIALIZED_AUTOS = YES_AGGRESSIVE;
				GCC_WARN_UNUSED_FUNCTION = YES;
				GCC_WARN_UNUSED_VARIABLE = YES;
				IPHONEOS_DEPLOYMENT_TARGET = 11.4;
				MTL_ENABLE_DEBUG_INFO = NO;
				SDKROOT = iphoneos;
				SWIFT_COMPILATION_MODE = wholemodule;
				SWIFT_OPTIMIZATION_LEVEL = "-O";
				VALIDATE_PRODUCT = YES;
			};
			name = Release;
		};
		D75A342021093429003A4C6D /* Debug */ = {
			isa = XCBuildConfiguration;
			baseConfigurationReference = 9725803AAA5D91577D8D9F36 /* Pods-HoloDex.debug.xcconfig */;
			buildSettings = {
				ASSETCATALOG_COMPILER_APPICON_NAME = AppIcon;
				CODE_SIGN_STYLE = Automatic;
				DEVELOPMENT_TEAM = J8SLW9YW9U;
				INFOPLIST_FILE = HoloDex/Info.plist;
				LD_RUNPATH_SEARCH_PATHS = (
					"$(inherited)",
					"@executable_path/Frameworks",
				);
				PRODUCT_BUNDLE_IDENTIFIER = com.lewisjmorgan.HoloDex;
				PRODUCT_NAME = "$(TARGET_NAME)";
				SWIFT_VERSION = 4.0;
				TARGETED_DEVICE_FAMILY = "1,2";
			};
			name = Debug;
		};
		D75A342121093429003A4C6D /* Release */ = {
			isa = XCBuildConfiguration;
			baseConfigurationReference = 34CB417C9F0CB3ED421D7DDF /* Pods-HoloDex.release.xcconfig */;
			buildSettings = {
				ASSETCATALOG_COMPILER_APPICON_NAME = AppIcon;
				CODE_SIGN_STYLE = Automatic;
				DEVELOPMENT_TEAM = J8SLW9YW9U;
				INFOPLIST_FILE = HoloDex/Info.plist;
				LD_RUNPATH_SEARCH_PATHS = (
					"$(inherited)",
					"@executable_path/Frameworks",
				);
				PRODUCT_BUNDLE_IDENTIFIER = com.lewisjmorgan.HoloDex;
				PRODUCT_NAME = "$(TARGET_NAME)";
				SWIFT_VERSION = 4.0;
				TARGETED_DEVICE_FAMILY = "1,2";
			};
			name = Release;
		};
/* End XCBuildConfiguration section */

/* Begin XCConfigurationList section */
		D75A340821093428003A4C6D /* Build configuration list for PBXProject "HoloDex" */ = {
			isa = XCConfigurationList;
			buildConfigurations = (
				D75A341D21093429003A4C6D /* Debug */,
				D75A341E21093429003A4C6D /* Release */,
			);
			defaultConfigurationIsVisible = 0;
			defaultConfigurationName = Release;
		};
		D75A341F21093429003A4C6D /* Build configuration list for PBXNativeTarget "HoloDex" */ = {
			isa = XCConfigurationList;
			buildConfigurations = (
				D75A342021093429003A4C6D /* Debug */,
				D75A342121093429003A4C6D /* Release */,
			);
			defaultConfigurationIsVisible = 0;
			defaultConfigurationName = Release;
		};
/* End XCConfigurationList section */
	};
	rootObject = D75A340521093428003A4C6D /* Project object */;
}
